// !$*UTF8*$!
{
	archiveVersion = 1;
	classes = {
	};
	objectVersion = 46;
	objects = {

/* Begin PBXBuildFile section */
		5D462F7214C6098600DBC44A /* UIKit.framework in Frameworks */ = {isa = PBXBuildFile; fileRef = 5D462F7114C6098600DBC44A /* UIKit.framework */; };
		5D462F7414C6098600DBC44A /* Foundation.framework in Frameworks */ = {isa = PBXBuildFile; fileRef = 5D462F7314C6098600DBC44A /* Foundation.framework */; };
		5D462F7614C6098600DBC44A /* CoreGraphics.framework in Frameworks */ = {isa = PBXBuildFile; fileRef = 5D462F7514C6098600DBC44A /* CoreGraphics.framework */; };
		5D462F7C14C6098600DBC44A /* InfoPlist.strings in Resources */ = {isa = PBXBuildFile; fileRef = 5D462F7A14C6098600DBC44A /* InfoPlist.strings */; };
		5D462F7E14C6098600DBC44A /* main.m in Sources */ = {isa = PBXBuildFile; fileRef = 5D462F7D14C6098600DBC44A /* main.m */; };
		5D462F8214C6098600DBC44A /* ratingAppDelegate.m in Sources */ = {isa = PBXBuildFile; fileRef = 5D462F8114C6098600DBC44A /* ratingAppDelegate.m */; };
		5D462F8514C6098600DBC44A /* MainStoryboard_iPhone.storyboard in Resources */ = {isa = PBXBuildFile; fileRef = 5D462F8314C6098600DBC44A /* MainStoryboard_iPhone.storyboard */; };
		5D462F8814C6098700DBC44A /* MainStoryboard_iPad.storyboard in Resources */ = {isa = PBXBuildFile; fileRef = 5D462F8614C6098700DBC44A /* MainStoryboard_iPad.storyboard */; };
		5D462F8B14C6098700DBC44A /* ratingViewController.m in Sources */ = {isa = PBXBuildFile; fileRef = 5D462F8A14C6098700DBC44A /* ratingViewController.m */; };
		5D462F9314C6098700DBC44A /* SenTestingKit.framework in Frameworks */ = {isa = PBXBuildFile; fileRef = 5D462F9214C6098700DBC44A /* SenTestingKit.framework */; };
		5D462F9414C6098700DBC44A /* UIKit.framework in Frameworks */ = {isa = PBXBuildFile; fileRef = 5D462F7114C6098600DBC44A /* UIKit.framework */; };
		5D462F9514C6098700DBC44A /* Foundation.framework in Frameworks */ = {isa = PBXBuildFile; fileRef = 5D462F7314C6098600DBC44A /* Foundation.framework */; };
		5D462F9D14C6098700DBC44A /* InfoPlist.strings in Resources */ = {isa = PBXBuildFile; fileRef = 5D462F9B14C6098700DBC44A /* InfoPlist.strings */; };
		5D462FA014C6098700DBC44A /* RatingsTests.m in Sources */ = {isa = PBXBuildFile; fileRef = 5D462F9F14C6098700DBC44A /* RatingsTests.m */; };
		5D8378E714C6116100BF6F6C /* Player.m in Sources */ = {isa = PBXBuildFile; fileRef = 5D8378E614C6116100BF6F6C /* Player.m */; };
		5D8378EA14C615D900BF6F6C /* PlayersViewController.m in Sources */ = {isa = PBXBuildFile; fileRef = 5D8378E914C615D900BF6F6C /* PlayersViewController.m */; };
		5D83791414C62F2200BF6F6C /* 1Star.png in Resources */ = {isa = PBXBuildFile; fileRef = 5D8378FC14C62F2200BF6F6C /* 1Star.png */; };
		5D83791514C62F2200BF6F6C /* 1Star@2x.png in Resources */ = {isa = PBXBuildFile; fileRef = 5D8378FD14C62F2200BF6F6C /* 1Star@2x.png */; };
		5D83791614C62F2200BF6F6C /* 1StarSmall.png in Resources */ = {isa = PBXBuildFile; fileRef = 5D8378FE14C62F2200BF6F6C /* 1StarSmall.png */; };
		5D83791714C62F2200BF6F6C /* 1StarSmall@2x.png in Resources */ = {isa = PBXBuildFile; fileRef = 5D8378FF14C62F2200BF6F6C /* 1StarSmall@2x.png */; };
		5D83791814C62F2200BF6F6C /* 2Stars.png in Resources */ = {isa = PBXBuildFile; fileRef = 5D83790014C62F2200BF6F6C /* 2Stars.png */; };
		5D83791914C62F2200BF6F6C /* 2Stars@2x.png in Resources */ = {isa = PBXBuildFile; fileRef = 5D83790114C62F2200BF6F6C /* 2Stars@2x.png */; };
		5D83791A14C62F2200BF6F6C /* 2StarsSmall.png in Resources */ = {isa = PBXBuildFile; fileRef = 5D83790214C62F2200BF6F6C /* 2StarsSmall.png */; };
		5D83791B14C62F2200BF6F6C /* 2StarsSmall@2x.png in Resources */ = {isa = PBXBuildFile; fileRef = 5D83790314C62F2200BF6F6C /* 2StarsSmall@2x.png */; };
		5D83791C14C62F2200BF6F6C /* 3Stars.png in Resources */ = {isa = PBXBuildFile; fileRef = 5D83790414C62F2200BF6F6C /* 3Stars.png */; };
		5D83791D14C62F2200BF6F6C /* 3Stars@2x.png in Resources */ = {isa = PBXBuildFile; fileRef = 5D83790514C62F2200BF6F6C /* 3Stars@2x.png */; };
		5D83791E14C62F2200BF6F6C /* 3StarsSmall.png in Resources */ = {isa = PBXBuildFile; fileRef = 5D83790614C62F2200BF6F6C /* 3StarsSmall.png */; };
		5D83791F14C62F2200BF6F6C /* 3StarsSmall@2x.png in Resources */ = {isa = PBXBuildFile; fileRef = 5D83790714C62F2200BF6F6C /* 3StarsSmall@2x.png */; };
		5D83792014C62F2200BF6F6C /* 4Stars.png in Resources */ = {isa = PBXBuildFile; fileRef = 5D83790814C62F2200BF6F6C /* 4Stars.png */; };
		5D83792114C62F2200BF6F6C /* 4Stars@2x.png in Resources */ = {isa = PBXBuildFile; fileRef = 5D83790914C62F2200BF6F6C /* 4Stars@2x.png */; };
		5D83792214C62F2200BF6F6C /* 4StarsSmall.png in Resources */ = {isa = PBXBuildFile; fileRef = 5D83790A14C62F2200BF6F6C /* 4StarsSmall.png */; };
		5D83792314C62F2200BF6F6C /* 4StarsSmall@2x.png in Resources */ = {isa = PBXBuildFile; fileRef = 5D83790B14C62F2200BF6F6C /* 4StarsSmall@2x.png */; };
		5D83792414C62F2200BF6F6C /* 5Stars.png in Resources */ = {isa = PBXBuildFile; fileRef = 5D83790C14C62F2200BF6F6C /* 5Stars.png */; };
		5D83792514C62F2200BF6F6C /* 5Stars@2x.png in Resources */ = {isa = PBXBuildFile; fileRef = 5D83790D14C62F2200BF6F6C /* 5Stars@2x.png */; };
		5D83792614C62F2200BF6F6C /* 5StarsSmall.png in Resources */ = {isa = PBXBuildFile; fileRef = 5D83790E14C62F2200BF6F6C /* 5StarsSmall.png */; };
		5D83792714C62F2200BF6F6C /* 5StarsSmall@2x.png in Resources */ = {isa = PBXBuildFile; fileRef = 5D83790F14C62F2200BF6F6C /* 5StarsSmall@2x.png */; };
		5D83792814C62F2200BF6F6C /* Gestures.png in Resources */ = {isa = PBXBuildFile; fileRef = 5D83791014C62F2200BF6F6C /* Gestures.png */; };
		5D83792914C62F2200BF6F6C /* Gestures@2x.png in Resources */ = {isa = PBXBuildFile; fileRef = 5D83791114C62F2200BF6F6C /* Gestures@2x.png */; };
		5D83792A14C62F2200BF6F6C /* Players.png in Resources */ = {isa = PBXBuildFile; fileRef = 5D83791214C62F2200BF6F6C /* Players.png */; };
		5D83792B14C62F2200BF6F6C /* Players@2x.png in Resources */ = {isa = PBXBuildFile; fileRef = 5D83791314C62F2200BF6F6C /* Players@2x.png */; };
/* End PBXBuildFile section */

/* Begin PBXContainerItemProxy section */
		5D462F9614C6098700DBC44A /* PBXContainerItemProxy */ = {
			isa = PBXContainerItemProxy;
			containerPortal = 5D462F6414C6098600DBC44A /* Project object */;
			proxyType = 1;
			remoteGlobalIDString = 5D462F6C14C6098600DBC44A;
			remoteInfo = Ratings;
		};
/* End PBXContainerItemProxy section */

/* Begin PBXFileReference section */
		5D462F6D14C6098600DBC44A /* Ratings.app */ = {isa = PBXFileReference; explicitFileType = wrapper.application; includeInIndex = 0; path = Ratings.app; sourceTree = BUILT_PRODUCTS_DIR; };
		5D462F7114C6098600DBC44A /* UIKit.framework */ = {isa = PBXFileReference; lastKnownFileType = wrapper.framework; name = UIKit.framework; path = System/Library/Frameworks/UIKit.framework; sourceTree = SDKROOT; };
		5D462F7314C6098600DBC44A /* Foundation.framework */ = {isa = PBXFileReference; lastKnownFileType = wrapper.framework; name = Foundation.framework; path = System/Library/Frameworks/Foundation.framework; sourceTree = SDKROOT; };
		5D462F7514C6098600DBC44A /* CoreGraphics.framework */ = {isa = PBXFileReference; lastKnownFileType = wrapper.framework; name = CoreGraphics.framework; path = System/Library/Frameworks/CoreGraphics.framework; sourceTree = SDKROOT; };
		5D462F7914C6098600DBC44A /* Ratings-Info.plist */ = {isa = PBXFileReference; lastKnownFileType = text.plist.xml; path = "Ratings-Info.plist"; sourceTree = "<group>"; };
		5D462F7B14C6098600DBC44A /* en */ = {isa = PBXFileReference; lastKnownFileType = text.plist.strings; name = en; path = en.lproj/InfoPlist.strings; sourceTree = "<group>"; };
		5D462F7D14C6098600DBC44A /* main.m */ = {isa = PBXFileReference; lastKnownFileType = sourcecode.c.objc; path = main.m; sourceTree = "<group>"; };
		5D462F7F14C6098600DBC44A /* Ratings-Prefix.pch */ = {isa = PBXFileReference; lastKnownFileType = sourcecode.c.h; path = "Ratings-Prefix.pch"; sourceTree = "<group>"; };
		5D462F8014C6098600DBC44A /* ratingAppDelegate.h */ = {isa = PBXFileReference; lastKnownFileType = sourcecode.c.h; path = ratingAppDelegate.h; sourceTree = "<group>"; };
		5D462F8114C6098600DBC44A /* ratingAppDelegate.m */ = {isa = PBXFileReference; lastKnownFileType = sourcecode.c.objc; path = ratingAppDelegate.m; sourceTree = "<group>"; };
		5D462F8414C6098600DBC44A /* en */ = {isa = PBXFileReference; lastKnownFileType = file.storyboard; name = en; path = en.lproj/MainStoryboard_iPhone.storyboard; sourceTree = "<group>"; };
		5D462F8714C6098700DBC44A /* en */ = {isa = PBXFileReference; lastKnownFileType = file.storyboard; name = en; path = en.lproj/MainStoryboard_iPad.storyboard; sourceTree = "<group>"; };
		5D462F8914C6098700DBC44A /* ratingViewController.h */ = {isa = PBXFileReference; lastKnownFileType = sourcecode.c.h; path = ratingViewController.h; sourceTree = "<group>"; };
		5D462F8A14C6098700DBC44A /* ratingViewController.m */ = {isa = PBXFileReference; lastKnownFileType = sourcecode.c.objc; path = ratingViewController.m; sourceTree = "<group>"; };
		5D462F9114C6098700DBC44A /* RatingsTests.octest */ = {isa = PBXFileReference; explicitFileType = wrapper.cfbundle; includeInIndex = 0; path = RatingsTests.octest; sourceTree = BUILT_PRODUCTS_DIR; };
		5D462F9214C6098700DBC44A /* SenTestingKit.framework */ = {isa = PBXFileReference; lastKnownFileType = wrapper.framework; name = SenTestingKit.framework; path = Library/Frameworks/SenTestingKit.framework; sourceTree = DEVELOPER_DIR; };
		5D462F9A14C6098700DBC44A /* RatingsTests-Info.plist */ = {isa = PBXFileReference; lastKnownFileType = text.plist.xml; path = "RatingsTests-Info.plist"; sourceTree = "<group>"; };
		5D462F9C14C6098700DBC44A /* en */ = {isa = PBXFileReference; lastKnownFileType = text.plist.strings; name = en; path = en.lproj/InfoPlist.strings; sourceTree = "<group>"; };
		5D462F9E14C6098700DBC44A /* RatingsTests.h */ = {isa = PBXFileReference; lastKnownFileType = sourcecode.c.h; path = RatingsTests.h; sourceTree = "<group>"; };
		5D462F9F14C6098700DBC44A /* RatingsTests.m */ = {isa = PBXFileReference; lastKnownFileType = sourcecode.c.objc; path = RatingsTests.m; sourceTree = "<group>"; };
		5D8378E514C6116100BF6F6C /* Player.h */ = {isa = PBXFileReference; fileEncoding = 4; lastKnownFileType = sourcecode.c.h; path = Player.h; sourceTree = "<group>"; };
		5D8378E614C6116100BF6F6C /* Player.m */ = {isa = PBXFileReference; fileEncoding = 4; lastKnownFileType = sourcecode.c.objc; path = Player.m; sourceTree = "<group>"; };
		5D8378E814C615D900BF6F6C /* PlayersViewController.h */ = {isa = PBXFileReference; fileEncoding = 4; lastKnownFileType = sourcecode.c.h; path = PlayersViewController.h; sourceTree = "<group>"; };
		5D8378E914C615D900BF6F6C /* PlayersViewController.m */ = {isa = PBXFileReference; fileEncoding = 4; lastKnownFileType = sourcecode.c.objc; path = PlayersViewController.m; sourceTree = "<group>"; };
		5D8378FC14C62F2200BF6F6C /* 1Star.png */ = {isa = PBXFileReference; lastKnownFileType = image.png; path = 1Star.png; sourceTree = "<group>"; };
		5D8378FD14C62F2200BF6F6C /* 1Star@2x.png */ = {isa = PBXFileReference; lastKnownFileType = image.png; path = "1Star@2x.png"; sourceTree = "<group>"; };
		5D8378FE14C62F2200BF6F6C /* 1StarSmall.png */ = {isa = PBXFileReference; lastKnownFileType = image.png; path = 1StarSmall.png; sourceTree = "<group>"; };
		5D8378FF14C62F2200BF6F6C /* 1StarSmall@2x.png */ = {isa = PBXFileReference; lastKnownFileType = image.png; path = "1StarSmall@2x.png"; sourceTree = "<group>"; };
		5D83790014C62F2200BF6F6C /* 2Stars.png */ = {isa = PBXFileReference; lastKnownFileType = image.png; path = 2Stars.png; sourceTree = "<group>"; };
		5D83790114C62F2200BF6F6C /* 2Stars@2x.png */ = {isa = PBXFileReference; lastKnownFileType = image.png; path = "2Stars@2x.png"; sourceTree = "<group>"; };
		5D83790214C62F2200BF6F6C /* 2StarsSmall.png */ = {isa = PBXFileReference; lastKnownFileType = image.png; path = 2StarsSmall.png; sourceTree = "<group>"; };
		5D83790314C62F2200BF6F6C /* 2StarsSmall@2x.png */ = {isa = PBXFileReference; lastKnownFileType = image.png; path = "2StarsSmall@2x.png"; sourceTree = "<group>"; };
		5D83790414C62F2200BF6F6C /* 3Stars.png */ = {isa = PBXFileReference; lastKnownFileType = image.png; path = 3Stars.png; sourceTree = "<group>"; };
		5D83790514C62F2200BF6F6C /* 3Stars@2x.png */ = {isa = PBXFileReference; lastKnownFileType = image.png; path = "3Stars@2x.png"; sourceTree = "<group>"; };
		5D83790614C62F2200BF6F6C /* 3StarsSmall.png */ = {isa = PBXFileReference; lastKnownFileType = image.png; path = 3StarsSmall.png; sourceTree = "<group>"; };
		5D83790714C62F2200BF6F6C /* 3StarsSmall@2x.png */ = {isa = PBXFileReference; lastKnownFileType = image.png; path = "3StarsSmall@2x.png"; sourceTree = "<group>"; };
		5D83790814C62F2200BF6F6C /* 4Stars.png */ = {isa = PBXFileReference; lastKnownFileType = image.png; path = 4Stars.png; sourceTree = "<group>"; };
		5D83790914C62F2200BF6F6C /* 4Stars@2x.png */ = {isa = PBXFileReference; lastKnownFileType = image.png; path = "4Stars@2x.png"; sourceTree = "<group>"; };
		5D83790A14C62F2200BF6F6C /* 4StarsSmall.png */ = {isa = PBXFileReference; lastKnownFileType = image.png; path = 4StarsSmall.png; sourceTree = "<group>"; };
		5D83790B14C62F2200BF6F6C /* 4StarsSmall@2x.png */ = {isa = PBXFileReference; lastKnownFileType = image.png; path = "4StarsSmall@2x.png"; sourceTree = "<group>"; };
		5D83790C14C62F2200BF6F6C /* 5Stars.png */ = {isa = PBXFileReference; lastKnownFileType = image.png; path = 5Stars.png; sourceTree = "<group>"; };
		5D83790D14C62F2200BF6F6C /* 5Stars@2x.png */ = {isa = PBXFileReference; lastKnownFileType = image.png; path = "5Stars@2x.png"; sourceTree = "<group>"; };
		5D83790E14C62F2200BF6F6C /* 5StarsSmall.png */ = {isa = PBXFileReference; lastKnownFileType = image.png; path = 5StarsSmall.png; sourceTree = "<group>"; };
		5D83790F14C62F2200BF6F6C /* 5StarsSmall@2x.png */ = {isa = PBXFileReference; lastKnownFileType = image.png; path = "5StarsSmall@2x.png"; sourceTree = "<group>"; };
		5D83791014C62F2200BF6F6C /* Gestures.png */ = {isa = PBXFileReference; lastKnownFileType = image.png; path = Gestures.png; sourceTree = "<group>"; };
		5D83791114C62F2200BF6F6C /* Gestures@2x.png */ = {isa = PBXFileReference; lastKnownFileType = image.png; path = "Gestures@2x.png"; sourceTree = "<group>"; };
		5D83791214C62F2200BF6F6C /* Players.png */ = {isa = PBXFileReference; lastKnownFileType = image.png; path = Players.png; sourceTree = "<group>"; };
		5D83791314C62F2200BF6F6C /* Players@2x.png */ = {isa = PBXFileReference; lastKnownFileType = image.png; path = "Players@2x.png"; sourceTree = "<group>"; };
/* End PBXFileReference section */

/* Begin PBXFrameworksBuildPhase section */
		5D462F6A14C6098600DBC44A /* Frameworks */ = {
			isa = PBXFrameworksBuildPhase;
			buildActionMask = 2147483647;
			files = (
				5D462F7214C6098600DBC44A /* UIKit.framework in Frameworks */,
				5D462F7414C6098600DBC44A /* Foundation.framework in Frameworks */,
				5D462F7614C6098600DBC44A /* CoreGraphics.framework in Frameworks */,
			);
			runOnlyForDeploymentPostprocessing = 0;
		};
		5D462F8D14C6098700DBC44A /* Frameworks */ = {
			isa = PBXFrameworksBuildPhase;
			buildActionMask = 2147483647;
			files = (
				5D462F9314C6098700DBC44A /* SenTestingKit.framework in Frameworks */,
				5D462F9414C6098700DBC44A /* UIKit.framework in Frameworks */,
				5D462F9514C6098700DBC44A /* Foundation.framework in Frameworks */,
			);
			runOnlyForDeploymentPostprocessing = 0;
		};
/* End PBXFrameworksBuildPhase section */

/* Begin PBXGroup section */
		5D462F6214C6098600DBC44A = {
			isa = PBXGroup;
			children = (
				5D8378FB14C62F2200BF6F6C /* Images */,
				5D462F7714C6098600DBC44A /* Ratings */,
				5D462F9814C6098700DBC44A /* RatingsTests */,
				5D462F7014C6098600DBC44A /* Frameworks */,
				5D462F6E14C6098600DBC44A /* Products */,
			);
			sourceTree = "<group>";
		};
		5D462F6E14C6098600DBC44A /* Products */ = {
			isa = PBXGroup;
			children = (
				5D462F6D14C6098600DBC44A /* Ratings.app */,
				5D462F9114C6098700DBC44A /* RatingsTests.octest */,
			);
			name = Products;
			sourceTree = "<group>";
		};
		5D462F7014C6098600DBC44A /* Frameworks */ = {
			isa = PBXGroup;
			children = (
				5D462F7114C6098600DBC44A /* UIKit.framework */,
				5D462F7314C6098600DBC44A /* Foundation.framework */,
				5D462F7514C6098600DBC44A /* CoreGraphics.framework */,
				5D462F9214C6098700DBC44A /* SenTestingKit.framework */,
			);
			name = Frameworks;
			sourceTree = "<group>";
		};
		5D462F7714C6098600DBC44A /* Ratings */ = {
			isa = PBXGroup;
			children = (
				5D462F8014C6098600DBC44A /* ratingAppDelegate.h */,
				5D462F8114C6098600DBC44A /* ratingAppDelegate.m */,
				5D462F8314C6098600DBC44A /* MainStoryboard_iPhone.storyboard */,
				5D462F8614C6098700DBC44A /* MainStoryboard_iPad.storyboard */,
				5D462F8914C6098700DBC44A /* ratingViewController.h */,
				5D462F8A14C6098700DBC44A /* ratingViewController.m */,
				5D8378E514C6116100BF6F6C /* Player.h */,
				5D8378E614C6116100BF6F6C /* Player.m */,
				5D8378E814C615D900BF6F6C /* PlayersViewController.h */,
				5D8378E914C615D900BF6F6C /* PlayersViewController.m */,
				5D462F7814C6098600DBC44A /* Supporting Files */,
			);
			path = Ratings;
			sourceTree = "<group>";
		};
		5D462F7814C6098600DBC44A /* Supporting Files */ = {
			isa = PBXGroup;
			children = (
				5D462F7914C6098600DBC44A /* Ratings-Info.plist */,
				5D462F7A14C6098600DBC44A /* InfoPlist.strings */,
				5D462F7D14C6098600DBC44A /* main.m */,
				5D462F7F14C6098600DBC44A /* Ratings-Prefix.pch */,
			);
			name = "Supporting Files";
			sourceTree = "<group>";
		};
		5D462F9814C6098700DBC44A /* RatingsTests */ = {
			isa = PBXGroup;
			children = (
				5D462F9E14C6098700DBC44A /* RatingsTests.h */,
				5D462F9F14C6098700DBC44A /* RatingsTests.m */,
				5D462F9914C6098700DBC44A /* Supporting Files */,
			);
			path = RatingsTests;
			sourceTree = "<group>";
		};
		5D462F9914C6098700DBC44A /* Supporting Files */ = {
			isa = PBXGroup;
			children = (
				5D462F9A14C6098700DBC44A /* RatingsTests-Info.plist */,
				5D462F9B14C6098700DBC44A /* InfoPlist.strings */,
			);
			name = "Supporting Files";
			sourceTree = "<group>";
		};
		5D8378FB14C62F2200BF6F6C /* Images */ = {
			isa = PBXGroup;
			children = (
				5D8378FC14C62F2200BF6F6C /* 1Star.png */,
				5D8378FD14C62F2200BF6F6C /* 1Star@2x.png */,
				5D8378FE14C62F2200BF6F6C /* 1StarSmall.png */,
				5D8378FF14C62F2200BF6F6C /* 1StarSmall@2x.png */,
				5D83790014C62F2200BF6F6C /* 2Stars.png */,
				5D83790114C62F2200BF6F6C /* 2Stars@2x.png */,
				5D83790214C62F2200BF6F6C /* 2StarsSmall.png */,
				5D83790314C62F2200BF6F6C /* 2StarsSmall@2x.png */,
				5D83790414C62F2200BF6F6C /* 3Stars.png */,
				5D83790514C62F2200BF6F6C /* 3Stars@2x.png */,
				5D83790614C62F2200BF6F6C /* 3StarsSmall.png */,
				5D83790714C62F2200BF6F6C /* 3StarsSmall@2x.png */,
				5D83790814C62F2200BF6F6C /* 4Stars.png */,
				5D83790914C62F2200BF6F6C /* 4Stars@2x.png */,
				5D83790A14C62F2200BF6F6C /* 4StarsSmall.png */,
				5D83790B14C62F2200BF6F6C /* 4StarsSmall@2x.png */,
				5D83790C14C62F2200BF6F6C /* 5Stars.png */,
				5D83790D14C62F2200BF6F6C /* 5Stars@2x.png */,
				5D83790E14C62F2200BF6F6C /* 5StarsSmall.png */,
				5D83790F14C62F2200BF6F6C /* 5StarsSmall@2x.png */,
				5D83791014C62F2200BF6F6C /* Gestures.png */,
				5D83791114C62F2200BF6F6C /* Gestures@2x.png */,
				5D83791214C62F2200BF6F6C /* Players.png */,
				5D83791314C62F2200BF6F6C /* Players@2x.png */,
			);
			path = Images;
			sourceTree = "<group>";
		};
/* End PBXGroup section */

/* Begin PBXNativeTarget section */
		5D462F6C14C6098600DBC44A /* Ratings */ = {
			isa = PBXNativeTarget;
			buildConfigurationList = 5D462FA314C6098700DBC44A /* Build configuration list for PBXNativeTarget "Ratings" */;
			buildPhases = (
				5D462F6914C6098600DBC44A /* Sources */,
				5D462F6A14C6098600DBC44A /* Frameworks */,
				5D462F6B14C6098600DBC44A /* Resources */,
			);
			buildRules = (
			);
			dependencies = (
			);
			name = Ratings;
			productName = Ratings;
			productReference = 5D462F6D14C6098600DBC44A /* Ratings.app */;
			productType = "com.apple.product-type.application";
		};
		5D462F9014C6098700DBC44A /* RatingsTests */ = {
			isa = PBXNativeTarget;
			buildConfigurationList = 5D462FA614C6098700DBC44A /* Build configuration list for PBXNativeTarget "RatingsTests" */;
			buildPhases = (
				5D462F8C14C6098700DBC44A /* Sources */,
				5D462F8D14C6098700DBC44A /* Frameworks */,
				5D462F8E14C6098700DBC44A /* Resources */,
				5D462F8F14C6098700DBC44A /* ShellScript */,
			);
			buildRules = (
			);
			dependencies = (
				5D462F9714C6098700DBC44A /* PBXTargetDependency */,
			);
			name = RatingsTests;
			productName = RatingsTests;
			productReference = 5D462F9114C6098700DBC44A /* RatingsTests.octest */;
			productType = "com.apple.product-type.bundle";
		};
/* End PBXNativeTarget section */

/* Begin PBXProject section */
		5D462F6414C6098600DBC44A /* Project object */ = {
			isa = PBXProject;
			attributes = {
				LastUpgradeCheck = 0420;
			};
			buildConfigurationList = 5D462F6714C6098600DBC44A /* Build configuration list for PBXProject "Ratings" */;
			compatibilityVersion = "Xcode 3.2";
			developmentRegion = English;
			hasScannedForEncodings = 0;
			knownRegions = (
				en,
			);
			mainGroup = 5D462F6214C6098600DBC44A;
			productRefGroup = 5D462F6E14C6098600DBC44A /* Products */;
			projectDirPath = "";
			projectRoot = "";
			targets = (
				5D462F6C14C6098600DBC44A /* Ratings */,
				5D462F9014C6098700DBC44A /* RatingsTests */,
			);
		};
/* End PBXProject section */

/* Begin PBXResourcesBuildPhase section */
		5D462F6B14C6098600DBC44A /* Resources */ = {
			isa = PBXResourcesBuildPhase;
			buildActionMask = 2147483647;
			files = (
				5D462F7C14C6098600DBC44A /* InfoPlist.strings in Resources */,
				5D462F8514C6098600DBC44A /* MainStoryboard_iPhone.storyboard in Resources */,
				5D462F8814C6098700DBC44A /* MainStoryboard_iPad.storyboard in Resources */,
				5D83791414C62F2200BF6F6C /* 1Star.png in Resources */,
				5D83791514C62F2200BF6F6C /* 1Star@2x.png in Resources */,
				5D83791614C62F2200BF6F6C /* 1StarSmall.png in Resources */,
				5D83791714C62F2200BF6F6C /* 1StarSmall@2x.png in Resources */,
				5D83791814C62F2200BF6F6C /* 2Stars.png in Resources */,
				5D83791914C62F2200BF6F6C /* 2Stars@2x.png in Resources */,
				5D83791A14C62F2200BF6F6C /* 2StarsSmall.png in Resources */,
				5D83791B14C62F2200BF6F6C /* 2StarsSmall@2x.png in Resources */,
				5D83791C14C62F2200BF6F6C /* 3Stars.png in Resources */,
				5D83791D14C62F2200BF6F6C /* 3Stars@2x.png in Resources */,
				5D83791E14C62F2200BF6F6C /* 3StarsSmall.png in Resources */,
				5D83791F14C62F2200BF6F6C /* 3StarsSmall@2x.png in Resources */,
				5D83792014C62F2200BF6F6C /* 4Stars.png in Resources */,
				5D83792114C62F2200BF6F6C /* 4Stars@2x.png in Resources */,
				5D83792214C62F2200BF6F6C /* 4StarsSmall.png in Resources */,
				5D83792314C62F2200BF6F6C /* 4StarsSmall@2x.png in Resources */,
				5D83792414C62F2200BF6F6C /* 5Stars.png in Resources */,
				5D83792514C62F2200BF6F6C /* 5Stars@2x.png in Resources */,
				5D83792614C62F2200BF6F6C /* 5StarsSmall.png in Resources */,
				5D83792714C62F2200BF6F6C /* 5StarsSmall@2x.png in Resources */,
				5D83792814C62F2200BF6F6C /* Gestures.png in Resources */,
				5D83792914C62F2200BF6F6C /* Gestures@2x.png in Resources */,
				5D83792A14C62F2200BF6F6C /* Players.png in Resources */,
				5D83792B14C62F2200BF6F6C /* Players@2x.png in Resources */,
			);
			runOnlyForDeploymentPostprocessing = 0;
		};
		5D462F8E14C6098700DBC44A /* Resources */ = {
			isa = PBXResourcesBuildPhase;
			buildActionMask = 2147483647;
			files = (
				5D462F9D14C6098700DBC44A /* InfoPlist.strings in Resources */,
			);
			runOnlyForDeploymentPostprocessing = 0;
		};
/* End PBXResourcesBuildPhase section */

/* Begin PBXShellScriptBuildPhase section */
		5D462F8F14C6098700DBC44A /* ShellScript */ = {
			isa = PBXShellScriptBuildPhase;
			buildActionMask = 2147483647;
			files = (
			);
			inputPaths = (
			);
			outputPaths = (
			);
			runOnlyForDeploymentPostprocessing = 0;
			shellPath = /bin/sh;
			shellScript = "# Run the unit tests in this test bundle.\n\"${SYSTEM_DEVELOPER_DIR}/Tools/RunUnitTests\"\n";
		};
/* End PBXShellScriptBuildPhase section */

/* Begin PBXSourcesBuildPhase section */
		5D462F6914C6098600DBC44A /* Sources */ = {
			isa = PBXSourcesBuildPhase;
			buildActionMask = 2147483647;
			files = (
				5D462F7E14C6098600DBC44A /* main.m in Sources */,
				5D462F8214C6098600DBC44A /* ratingAppDelegate.m in Sources */,
				5D462F8B14C6098700DBC44A /* ratingViewController.m in Sources */,
				5D8378E714C6116100BF6F6C /* Player.m in Sources */,
				5D8378EA14C615D900BF6F6C /* PlayersViewController.m in Sources */,
			);
			runOnlyForDeploymentPostprocessing = 0;
		};
		5D462F8C14C6098700DBC44A /* Sources */ = {
			isa = PBXSourcesBuildPhase;
			buildActionMask = 2147483647;
			files = (
				5D462FA014C6098700DBC44A /* RatingsTests.m in Sources */,
			);
			runOnlyForDeploymentPostprocessing = 0;
		};
/* End PBXSourcesBuildPhase section */

/* Begin PBXTargetDependency section */
		5D462F9714C6098700DBC44A /* PBXTargetDependency */ = {
			isa = PBXTargetDependency;
			target = 5D462F6C14C6098600DBC44A /* Ratings */;
			targetProxy = 5D462F9614C6098700DBC44A /* PBXContainerItemProxy */;
		};
/* End PBXTargetDependency section */

/* Begin PBXVariantGroup section */
		5D462F7A14C6098600DBC44A /* InfoPlist.strings */ = {
			isa = PBXVariantGroup;
			children = (
				5D462F7B14C6098600DBC44A /* en */,
			);
			name = InfoPlist.strings;
			sourceTree = "<group>";
		};
		5D462F8314C6098600DBC44A /* MainStoryboard_iPhone.storyboard */ = {
			isa = PBXVariantGroup;
			children = (
				5D462F8414C6098600DBC44A /* en */,
			);
			name = MainStoryboard_iPhone.storyboard;
			sourceTree = "<group>";
		};
		5D462F8614C6098700DBC44A /* MainStoryboard_iPad.storyboard */ = {
			isa = PBXVariantGroup;
			children = (
				5D462F8714C6098700DBC44A /* en */,
			);
			name = MainStoryboard_iPad.storyboard;
			sourceTree = "<group>";
		};
		5D462F9B14C6098700DBC44A /* InfoPlist.strings */ = {
			isa = PBXVariantGroup;
			children = (
				5D462F9C14C6098700DBC44A /* en */,
			);
			name = InfoPlist.strings;
			sourceTree = "<group>";
		};
/* End PBXVariantGroup section */

/* Begin XCBuildConfiguration section */
		5D462FA114C6098700DBC44A /* Debug */ = {
			isa = XCBuildConfiguration;
			buildSettings = {
				ALWAYS_SEARCH_USER_PATHS = NO;
				ARCHS = "$(ARCHS_STANDARD_32_BIT)";
				CLANG_ENABLE_OBJC_ARC = YES;
				"CODE_SIGN_IDENTITY[sdk=iphoneos*]" = "iPhone Developer";
				COPY_PHASE_STRIP = NO;
				GCC_C_LANGUAGE_STANDARD = gnu99;
				GCC_DYNAMIC_NO_PIC = NO;
				GCC_OPTIMIZATION_LEVEL = 0;
				GCC_PREPROCESSOR_DEFINITIONS = (
					"DEBUG=1",
					"$(inherited)",
				);
				GCC_SYMBOLS_PRIVATE_EXTERN = NO;
				GCC_VERSION = com.apple.compilers.llvm.clang.1_0;
				GCC_WARN_ABOUT_MISSING_PROTOTYPES = YES;
				GCC_WARN_ABOUT_RETURN_TYPE = YES;
				GCC_WARN_UNUSED_VARIABLE = YES;
				IPHONEOS_DEPLOYMENT_TARGET = 5.0;
				SDKROOT = iphoneos;
				TARGETED_DEVICE_FAMILY = "1,2";
			};
			name = Debug;
		};
		5D462FA214C6098700DBC44A /* Release */ = {
			isa = XCBuildConfiguration;
			buildSettings = {
				ALWAYS_SEARCH_USER_PATHS = NO;
				ARCHS = "$(ARCHS_STANDARD_32_BIT)";
				CLANG_ENABLE_OBJC_ARC = YES;
				"CODE_SIGN_IDENTITY[sdk=iphoneos*]" = "iPhone Developer";
				COPY_PHASE_STRIP = YES;
				GCC_C_LANGUAGE_STANDARD = gnu99;
				GCC_VERSION = com.apple.compilers.llvm.clang.1_0;
				GCC_WARN_ABOUT_MISSING_PROTOTYPES = YES;
				GCC_WARN_ABOUT_RETURN_TYPE = YES;
				GCC_WARN_UNUSED_VARIABLE = YES;
				IPHONEOS_DEPLOYMENT_TARGET = 5.0;
				OTHER_CFLAGS = "-DNS_BLOCK_ASSERTIONS=1";
				SDKROOT = iphoneos;
				TARGETED_DEVICE_FAMILY = "1,2";
				VALIDATE_PRODUCT = YES;
			};
			name = Release;
		};
		5D462FA414C6098700DBC44A /* Debug */ = {
			isa = XCBuildConfiguration;
			buildSettings = {
				GCC_PRECOMPILE_PREFIX_HEADER = YES;
				GCC_PREFIX_HEADER = "Ratings/Ratings-Prefix.pch";
				INFOPLIST_FILE = "Ratings/Ratings-Info.plist";
				PRODUCT_NAME = "$(TARGET_NAME)";
				WRAPPER_EXTENSION = app;
			};
			name = Debug;
		};
		5D462FA514C6098700DBC44A /* Release */ = {
			isa = XCBuildConfiguration;
			buildSettings = {
				GCC_PRECOMPILE_PREFIX_HEADER = YES;
				GCC_PREFIX_HEADER = "Ratings/Ratings-Prefix.pch";
				INFOPLIST_FILE = "Ratings/Ratings-Info.plist";
				PRODUCT_NAME = "$(TARGET_NAME)";
				WRAPPER_EXTENSION = app;
			};
			name = Release;
		};
		5D462FA714C6098700DBC44A /* Debug */ = {
			isa = XCBuildConfiguration;
			buildSettings = {
				BUNDLE_LOADER = "$(BUILT_PRODUCTS_DIR)/Ratings.app/Ratings";
				FRAMEWORK_SEARCH_PATHS = (
					"$(SDKROOT)/Developer/Library/Frameworks",
					"$(DEVELOPER_LIBRARY_DIR)/Frameworks",
				);
				GCC_PRECOMPILE_PREFIX_HEADER = YES;
				GCC_PREFIX_HEADER = "Ratings/Ratings-Prefix.pch";
				INFOPLIST_FILE = "RatingsTests/RatingsTests-Info.plist";
				PRODUCT_NAME = "$(TARGET_NAME)";
				TEST_HOST = "$(BUNDLE_LOADER)";
				WRAPPER_EXTENSION = octest;
			};
			name = Debug;
		};
		5D462FA814C6098700DBC44A /* Release */ = {
			isa = XCBuildConfiguration;
			buildSettings = {
				BUNDLE_LOADER = "$(BUILT_PRODUCTS_DIR)/Ratings.app/Ratings";
				FRAMEWORK_SEARCH_PATHS = (
					"$(SDKROOT)/Developer/Library/Frameworks",
					"$(DEVELOPER_LIBRARY_DIR)/Frameworks",
				);
				GCC_PRECOMPILE_PREFIX_HEADER = YES;
				GCC_PREFIX_HEADER = "Ratings/Ratings-Prefix.pch";
				INFOPLIST_FILE = "RatingsTests/RatingsTests-Info.plist";
				PRODUCT_NAME = "$(TARGET_NAME)";
				TEST_HOST = "$(BUNDLE_LOADER)";
				WRAPPER_EXTENSION = octest;
			};
			name = Release;
		};
/* End XCBuildConfiguration section */

/* Begin XCConfigurationList section */
		5D462F6714C6098600DBC44A /* Build configuration list for PBXProject "Ratings" */ = {
			isa = XCConfigurationList;
			buildConfigurations = (
				5D462FA114C6098700DBC44A /* Debug */,
				5D462FA214C6098700DBC44A /* Release */,
			);
			defaultConfigurationIsVisible = 0;
			defaultConfigurationName = Release;
		};
		5D462FA314C6098700DBC44A /* Build configuration list for PBXNativeTarget "Ratings" */ = {
			isa = XCConfigurationList;
			buildConfigurations = (
				5D462FA414C6098700DBC44A /* Debug */,
				5D462FA514C6098700DBC44A /* Release */,
			);
			defaultConfigurationIsVisible = 0;
			defaultConfigurationName = Release;
		};
		5D462FA614C6098700DBC44A /* Build configuration list for PBXNativeTarget "RatingsTests" */ = {
			isa = XCConfigurationList;
			buildConfigurations = (
				5D462FA714C6098700DBC44A /* Debug */,
				5D462FA814C6098700DBC44A /* Release */,
			);
			defaultConfigurationIsVisible = 0;
			defaultConfigurationName = Release;
		};
/* End XCConfigurationList section */
	};
	rootObject = 5D462F6414C6098600DBC44A /* Project object */;
}
