// !$*UTF8*$!
{
	archiveVersion = 1;
	classes = {
	};
	objectVersion = 46;
	objects = {

/* Begin PBXBuildFile section */
		18FE8C0914CE0EB70050C6E4 /* UIKit.framework in Frameworks */ = {isa = PBXBuildFile; fileRef = 18FE8C0814CE0EB70050C6E4 /* UIKit.framework */; };
		18FE8C0B14CE0EB70050C6E4 /* Foundation.framework in Frameworks */ = {isa = PBXBuildFile; fileRef = 18FE8C0A14CE0EB70050C6E4 /* Foundation.framework */; };
		18FE8C0D14CE0EB70050C6E4 /* CoreGraphics.framework in Frameworks */ = {isa = PBXBuildFile; fileRef = 18FE8C0C14CE0EB70050C6E4 /* CoreGraphics.framework */; };
		18FE8C1314CE0EB70050C6E4 /* InfoPlist.strings in Resources */ = {isa = PBXBuildFile; fileRef = 18FE8C1114CE0EB70050C6E4 /* InfoPlist.strings */; };
		18FE8C1514CE0EB70050C6E4 /* main.m in Sources */ = {isa = PBXBuildFile; fileRef = 18FE8C1414CE0EB70050C6E4 /* main.m */; };
		18FE8C1914CE0EB70050C6E4 /* testAppDelegate.m in Sources */ = {isa = PBXBuildFile; fileRef = 18FE8C1814CE0EB70050C6E4 /* testAppDelegate.m */; };
		18FE8C1C14CE0EB70050C6E4 /* MainStoryboard.storyboard in Resources */ = {isa = PBXBuildFile; fileRef = 18FE8C1A14CE0EB70050C6E4 /* MainStoryboard.storyboard */; };
		18FE8C1F14CE0EB70050C6E4 /* testViewController.m in Sources */ = {isa = PBXBuildFile; fileRef = 18FE8C1E14CE0EB70050C6E4 /* testViewController.m */; };
		18FE8C2D14CE11B00050C6E4 /* Facebook+Singleton.m in Sources */ = {isa = PBXBuildFile; fileRef = 18FE8C2C14CE11B00050C6E4 /* Facebook+Singleton.m */; };
/* End PBXBuildFile section */

/* Begin PBXFileReference section */
		18FE8C0414CE0EB70050C6E4 /* testFacebookConnect.app */ = {isa = PBXFileReference; explicitFileType = wrapper.application; includeInIndex = 0; path = testFacebookConnect.app; sourceTree = BUILT_PRODUCTS_DIR; };
		18FE8C0814CE0EB70050C6E4 /* UIKit.framework */ = {isa = PBXFileReference; lastKnownFileType = wrapper.framework; name = UIKit.framework; path = System/Library/Frameworks/UIKit.framework; sourceTree = SDKROOT; };
		18FE8C0A14CE0EB70050C6E4 /* Foundation.framework */ = {isa = PBXFileReference; lastKnownFileType = wrapper.framework; name = Foundation.framework; path = System/Library/Frameworks/Foundation.framework; sourceTree = SDKROOT; };
		18FE8C0C14CE0EB70050C6E4 /* CoreGraphics.framework */ = {isa = PBXFileReference; lastKnownFileType = wrapper.framework; name = CoreGraphics.framework; path = System/Library/Frameworks/CoreGraphics.framework; sourceTree = SDKROOT; };
		18FE8C1014CE0EB70050C6E4 /* testFacebookConnect-Info.plist */ = {isa = PBXFileReference; lastKnownFileType = text.plist.xml; path = "testFacebookConnect-Info.plist"; sourceTree = "<group>"; };
		18FE8C1214CE0EB70050C6E4 /* en */ = {isa = PBXFileReference; lastKnownFileType = text.plist.strings; name = en; path = en.lproj/InfoPlist.strings; sourceTree = "<group>"; };
		18FE8C1414CE0EB70050C6E4 /* main.m */ = {isa = PBXFileReference; lastKnownFileType = sourcecode.c.objc; path = main.m; sourceTree = "<group>"; };
		18FE8C1614CE0EB70050C6E4 /* testFacebookConnect-Prefix.pch */ = {isa = PBXFileReference; lastKnownFileType = sourcecode.c.h; path = "testFacebookConnect-Prefix.pch"; sourceTree = "<group>"; };
		18FE8C1714CE0EB70050C6E4 /* testAppDelegate.h */ = {isa = PBXFileReference; lastKnownFileType = sourcecode.c.h; path = testAppDelegate.h; sourceTree = "<group>"; };
		18FE8C1814CE0EB70050C6E4 /* testAppDelegate.m */ = {isa = PBXFileReference; lastKnownFileType = sourcecode.c.objc; path = testAppDelegate.m; sourceTree = "<group>"; };
		18FE8C1B14CE0EB70050C6E4 /* en */ = {isa = PBXFileReference; lastKnownFileType = file.storyboard; name = en; path = en.lproj/MainStoryboard.storyboard; sourceTree = "<group>"; };
		18FE8C1D14CE0EB70050C6E4 /* testViewController.h */ = {isa = PBXFileReference; lastKnownFileType = sourcecode.c.h; path = testViewController.h; sourceTree = "<group>"; };
		18FE8C1E14CE0EB70050C6E4 /* testViewController.m */ = {isa = PBXFileReference; lastKnownFileType = sourcecode.c.objc; path = testViewController.m; sourceTree = "<group>"; };
		18FE8C2B14CE11B00050C6E4 /* Facebook+Singleton.h */ = {isa = PBXFileReference; fileEncoding = 4; lastKnownFileType = sourcecode.c.h; path = "Facebook+Singleton.h"; sourceTree = "<group>"; };
		18FE8C2C14CE11B00050C6E4 /* Facebook+Singleton.m */ = {isa = PBXFileReference; fileEncoding = 4; lastKnownFileType = sourcecode.c.objc; path = "Facebook+Singleton.m"; sourceTree = "<group>"; };
/* End PBXFileReference section */

/* Begin PBXFrameworksBuildPhase section */
		18FE8C0114CE0EB70050C6E4 /* Frameworks */ = {
			isa = PBXFrameworksBuildPhase;
			buildActionMask = 2147483647;
			files = (
				18FE8C0914CE0EB70050C6E4 /* UIKit.framework in Frameworks */,
				18FE8C0B14CE0EB70050C6E4 /* Foundation.framework in Frameworks */,
				18FE8C0D14CE0EB70050C6E4 /* CoreGraphics.framework in Frameworks */,
			);
			runOnlyForDeploymentPostprocessing = 0;
		};
/* End PBXFrameworksBuildPhase section */

/* Begin PBXGroup section */
		18FE8BF914CE0EB70050C6E4 = {
			isa = PBXGroup;
			children = (
				18FE8C2B14CE11B00050C6E4 /* Facebook+Singleton.h */,
				18FE8C2C14CE11B00050C6E4 /* Facebook+Singleton.m */,
				18FE8C0E14CE0EB70050C6E4 /* testFacebookConnect */,
				18FE8C0714CE0EB70050C6E4 /* Frameworks */,
				18FE8C0514CE0EB70050C6E4 /* Products */,
			);
			sourceTree = "<group>";
		};
		18FE8C0514CE0EB70050C6E4 /* Products */ = {
			isa = PBXGroup;
			children = (
				18FE8C0414CE0EB70050C6E4 /* testFacebookConnect.app */,
			);
			name = Products;
			sourceTree = "<group>";
		};
		18FE8C0714CE0EB70050C6E4 /* Frameworks */ = {
			isa = PBXGroup;
			children = (
				18FE8C0814CE0EB70050C6E4 /* UIKit.framework */,
				18FE8C0A14CE0EB70050C6E4 /* Foundation.framework */,
				18FE8C0C14CE0EB70050C6E4 /* CoreGraphics.framework */,
			);
			name = Frameworks;
			sourceTree = "<group>";
		};
		18FE8C0E14CE0EB70050C6E4 /* testFacebookConnect */ = {
			isa = PBXGroup;
			children = (
				18FE8C1714CE0EB70050C6E4 /* testAppDelegate.h */,
				18FE8C1814CE0EB70050C6E4 /* testAppDelegate.m */,
				18FE8C1A14CE0EB70050C6E4 /* MainStoryboard.storyboard */,
				18FE8C1D14CE0EB70050C6E4 /* testViewController.h */,
				18FE8C1E14CE0EB70050C6E4 /* testViewController.m */,
				18FE8C0F14CE0EB70050C6E4 /* Supporting Files */,
			);
			path = testFacebookConnect;
			sourceTree = "<group>";
		};
		18FE8C0F14CE0EB70050C6E4 /* Supporting Files */ = {
			isa = PBXGroup;
			children = (
				18FE8C1014CE0EB70050C6E4 /* testFacebookConnect-Info.plist */,
				18FE8C1114CE0EB70050C6E4 /* InfoPlist.strings */,
				18FE8C1414CE0EB70050C6E4 /* main.m */,
				18FE8C1614CE0EB70050C6E4 /* testFacebookConnect-Prefix.pch */,
			);
			name = "Supporting Files";
			sourceTree = "<group>";
		};
/* End PBXGroup section */

/* Begin PBXNativeTarget section */
		18FE8C0314CE0EB70050C6E4 /* testFacebookConnect */ = {
			isa = PBXNativeTarget;
			buildConfigurationList = 18FE8C2214CE0EB70050C6E4 /* Build configuration list for PBXNativeTarget "testFacebookConnect" */;
			buildPhases = (
				18FE8C0014CE0EB70050C6E4 /* Sources */,
				18FE8C0114CE0EB70050C6E4 /* Frameworks */,
				18FE8C0214CE0EB70050C6E4 /* Resources */,
			);
			buildRules = (
			);
			dependencies = (
			);
			name = testFacebookConnect;
			productName = testFacebookConnect;
			productReference = 18FE8C0414CE0EB70050C6E4 /* testFacebookConnect.app */;
			productType = "com.apple.product-type.application";
		};
/* End PBXNativeTarget section */

/* Begin PBXProject section */
		18FE8BFB14CE0EB70050C6E4 /* Project object */ = {
			isa = PBXProject;
			attributes = {
				LastUpgradeCheck = 0420;
			};
			buildConfigurationList = 18FE8BFE14CE0EB70050C6E4 /* Build configuration list for PBXProject "testFacebookConnect" */;
			compatibilityVersion = "Xcode 3.2";
			developmentRegion = English;
			hasScannedForEncodings = 0;
			knownRegions = (
				en,
			);
			mainGroup = 18FE8BF914CE0EB70050C6E4;
			productRefGroup = 18FE8C0514CE0EB70050C6E4 /* Products */;
			projectDirPath = "";
			projectRoot = "";
			targets = (
				18FE8C0314CE0EB70050C6E4 /* testFacebookConnect */,
			);
		};
/* End PBXProject section */

/* Begin PBXResourcesBuildPhase section */
		18FE8C0214CE0EB70050C6E4 /* Resources */ = {
			isa = PBXResourcesBuildPhase;
			buildActionMask = 2147483647;
			files = (
				18FE8C1314CE0EB70050C6E4 /* InfoPlist.strings in Resources */,
				18FE8C1C14CE0EB70050C6E4 /* MainStoryboard.storyboard in Resources */,
			);
			runOnlyForDeploymentPostprocessing = 0;
		};
/* End PBXResourcesBuildPhase section */

/* Begin PBXSourcesBuildPhase section */
		18FE8C0014CE0EB70050C6E4 /* Sources */ = {
			isa = PBXSourcesBuildPhase;
			buildActionMask = 2147483647;
			files = (
				18FE8C1514CE0EB70050C6E4 /* main.m in Sources */,
				18FE8C1914CE0EB70050C6E4 /* testAppDelegate.m in Sources */,
				18FE8C1F14CE0EB70050C6E4 /* testViewController.m in Sources */,
				18FE8C2D14CE11B00050C6E4 /* Facebook+Singleton.m in Sources */,
			);
			runOnlyForDeploymentPostprocessing = 0;
		};
/* End PBXSourcesBuildPhase section */

/* Begin PBXVariantGroup section */
		18FE8C1114CE0EB70050C6E4 /* InfoPlist.strings */ = {
			isa = PBXVariantGroup;
			children = (
				18FE8C1214CE0EB70050C6E4 /* en */,
			);
			name = InfoPlist.strings;
			sourceTree = "<group>";
		};
		18FE8C1A14CE0EB70050C6E4 /* MainStoryboard.storyboard */ = {
			isa = PBXVariantGroup;
			children = (
				18FE8C1B14CE0EB70050C6E4 /* en */,
			);
			name = MainStoryboard.storyboard;
			sourceTree = "<group>";
		};
/* End PBXVariantGroup section */

/* Begin XCBuildConfiguration section */
		18FE8C2014CE0EB70050C6E4 /* Debug */ = {
			isa = XCBuildConfiguration;
			buildSettings = {
				ALWAYS_SEARCH_USER_PATHS = NO;
				ARCHS = "$(ARCHS_STANDARD_32_BIT)";
				CLANG_ENABLE_OBJC_ARC = YES;
				"CODE_SIGN_IDENTITY[sdk=iphoneos*]" = "iPhone Developer";
				COPY_PHASE_STRIP = NO;
				GCC_C_LANGUAGE_STANDARD = gnu99;
				GCC_DYNAMIC_NO_PIC = NO;
				GCC_OPTIMIZATION_LEVEL = 0;
				GCC_PREPROCESSOR_DEFINITIONS = (
					"DEBUG=1",
					"$(inherited)",
				);
				GCC_SYMBOLS_PRIVATE_EXTERN = NO;
				GCC_VERSION = com.apple.compilers.llvm.clang.1_0;
				GCC_WARN_ABOUT_MISSING_PROTOTYPES = YES;
				GCC_WARN_ABOUT_RETURN_TYPE = YES;
				GCC_WARN_UNUSED_VARIABLE = YES;
				IPHONEOS_DEPLOYMENT_TARGET = 5.0;
				SDKROOT = iphoneos;
			};
			name = Debug;
		};
		18FE8C2114CE0EB70050C6E4 /* Release */ = {
			isa = XCBuildConfiguration;
			buildSettings = {
				ALWAYS_SEARCH_USER_PATHS = NO;
				ARCHS = "$(ARCHS_STANDARD_32_BIT)";
				CLANG_ENABLE_OBJC_ARC = YES;
				"CODE_SIGN_IDENTITY[sdk=iphoneos*]" = "iPhone Developer";
				COPY_PHASE_STRIP = YES;
				GCC_C_LANGUAGE_STANDARD = gnu99;
				GCC_VERSION = com.apple.compilers.llvm.clang.1_0;
				GCC_WARN_ABOUT_MISSING_PROTOTYPES = YES;
				GCC_WARN_ABOUT_RETURN_TYPE = YES;
				GCC_WARN_UNUSED_VARIABLE = YES;
				IPHONEOS_DEPLOYMENT_TARGET = 5.0;
				OTHER_CFLAGS = "-DNS_BLOCK_ASSERTIONS=1";
				SDKROOT = iphoneos;
				VALIDATE_PRODUCT = YES;
			};
			name = Release;
		};
		18FE8C2314CE0EB70050C6E4 /* Debug */ = {
			isa = XCBuildConfiguration;
			buildSettings = {
				GCC_PRECOMPILE_PREFIX_HEADER = YES;
				GCC_PREFIX_HEADER = "testFacebookConnect/testFacebookConnect-Prefix.pch";
				INFOPLIST_FILE = "testFacebookConnect/testFacebookConnect-Info.plist";
				PRODUCT_NAME = "$(TARGET_NAME)";
				WRAPPER_EXTENSION = app;
			};
			name = Debug;
		};
		18FE8C2414CE0EB70050C6E4 /* Release */ = {
			isa = XCBuildConfiguration;
			buildSettings = {
				GCC_PRECOMPILE_PREFIX_HEADER = YES;
				GCC_PREFIX_HEADER = "testFacebookConnect/testFacebookConnect-Prefix.pch";
				INFOPLIST_FILE = "testFacebookConnect/testFacebookConnect-Info.plist";
				PRODUCT_NAME = "$(TARGET_NAME)";
				WRAPPER_EXTENSION = app;
			};
			name = Release;
		};
/* End XCBuildConfiguration section */

/* Begin XCConfigurationList section */
		18FE8BFE14CE0EB70050C6E4 /* Build configuration list for PBXProject "testFacebookConnect" */ = {
			isa = XCConfigurationList;
			buildConfigurations = (
				18FE8C2014CE0EB70050C6E4 /* Debug */,
				18FE8C2114CE0EB70050C6E4 /* Release */,
			);
			defaultConfigurationIsVisible = 0;
			defaultConfigurationName = Release;
		};
		18FE8C2214CE0EB70050C6E4 /* Build configuration list for PBXNativeTarget "testFacebookConnect" */ = {
			isa = XCConfigurationList;
			buildConfigurations = (
				18FE8C2314CE0EB70050C6E4 /* Debug */,
				18FE8C2414CE0EB70050C6E4 /* Release */,
			);
			defaultConfigurationIsVisible = 0;
		};
/* End XCConfigurationList section */
	};
	rootObject = 18FE8BFB14CE0EB70050C6E4 /* Project object */;
}
