// !$*UTF8*$!
{
	archiveVersion = 1;
	classes = {
	};
	objectVersion = 46;
	objects = {

/* Begin PBXBuildFile section */
		183909F71525293200A62E86 /* PullToRefreshView.m in Sources */ = {isa = PBXBuildFile; fileRef = 183909F61525293100A62E86 /* PullToRefreshView.m */; };
		183909FA15252A2400A62E86 /* QuartzCore.framework in Frameworks */ = {isa = PBXBuildFile; fileRef = 183909F915252A2300A62E86 /* QuartzCore.framework */; };
		5D0717861520203900324DDB /* UIKit.framework in Frameworks */ = {isa = PBXBuildFile; fileRef = 5D0717851520203900324DDB /* UIKit.framework */; };
		5D0717881520203900324DDB /* Foundation.framework in Frameworks */ = {isa = PBXBuildFile; fileRef = 5D0717871520203900324DDB /* Foundation.framework */; };
		5D07178A1520203900324DDB /* CoreGraphics.framework in Frameworks */ = {isa = PBXBuildFile; fileRef = 5D0717891520203900324DDB /* CoreGraphics.framework */; };
		5D0717901520203900324DDB /* InfoPlist.strings in Resources */ = {isa = PBXBuildFile; fileRef = 5D07178E1520203900324DDB /* InfoPlist.strings */; };
		5D0717921520203900324DDB /* main.m in Sources */ = {isa = PBXBuildFile; fileRef = 5D0717911520203900324DDB /* main.m */; };
		5D0717961520203900324DDB /* wazaapAppDelegate.m in Sources */ = {isa = PBXBuildFile; fileRef = 5D0717951520203900324DDB /* wazaapAppDelegate.m */; };
		5D0717991520203900324DDB /* MainStoryboard.storyboard in Resources */ = {isa = PBXBuildFile; fileRef = 5D0717971520203900324DDB /* MainStoryboard.storyboard */; };
		5D0717A41520203900324DDB /* SenTestingKit.framework in Frameworks */ = {isa = PBXBuildFile; fileRef = 5D0717A31520203900324DDB /* SenTestingKit.framework */; };
		5D0717A51520203900324DDB /* UIKit.framework in Frameworks */ = {isa = PBXBuildFile; fileRef = 5D0717851520203900324DDB /* UIKit.framework */; };
		5D0717A61520203900324DDB /* Foundation.framework in Frameworks */ = {isa = PBXBuildFile; fileRef = 5D0717871520203900324DDB /* Foundation.framework */; };
		5D0717AE1520203900324DDB /* InfoPlist.strings in Resources */ = {isa = PBXBuildFile; fileRef = 5D0717AC1520203900324DDB /* InfoPlist.strings */; };
		5D0717B11520203900324DDB /* wazaapDemoTests.m in Sources */ = {isa = PBXBuildFile; fileRef = 5D0717B01520203900324DDB /* wazaapDemoTests.m */; };
		5D0717C41520243C00324DDB /* WazaapTableViewController.m in Sources */ = {isa = PBXBuildFile; fileRef = 5D0717C31520243C00324DDB /* WazaapTableViewController.m */; };
		5D0717C71520255600324DDB /* WazaapEntity.m in Sources */ = {isa = PBXBuildFile; fileRef = 5D0717C61520255600324DDB /* WazaapEntity.m */; };
		5D0717CA15202D8100324DDB /* DetailViewController.m in Sources */ = {isa = PBXBuildFile; fileRef = 5D0717C915202D8100324DDB /* DetailViewController.m */; };
		5D0717CD15202DCC00324DDB /* VerticalSwipeScrollView.m in Sources */ = {isa = PBXBuildFile; fileRef = 5D0717CC15202DCC00324DDB /* VerticalSwipeScrollView.m */; };
		5D0717D015202E2800324DDB /* PullArrow.png in Resources */ = {isa = PBXBuildFile; fileRef = 5D0717CE15202E2800324DDB /* PullArrow.png */; };
		5D0717D115202E2800324DDB /* PullArrow@2x.png in Resources */ = {isa = PBXBuildFile; fileRef = 5D0717CF15202E2800324DDB /* PullArrow@2x.png */; };
		5D0717D315202E7100324DDB /* DetailView.html in Resources */ = {isa = PBXBuildFile; fileRef = 5D0717D215202E7100324DDB /* DetailView.html */; };
		5D0717D61520317800324DDB /* EventTableViewController.m in Sources */ = {isa = PBXBuildFile; fileRef = 5D0717D51520317800324DDB /* EventTableViewController.m */; };
		5D0718141522707C00324DDB /* VenueTableViewController.m in Sources */ = {isa = PBXBuildFile; fileRef = 5D0718131522707B00324DDB /* VenueTableViewController.m */; };
		5D07181B1522726600324DDB /* Utility.m in Sources */ = {isa = PBXBuildFile; fileRef = 5D07181A1522726500324DDB /* Utility.m */; };
		5D07181E152273BD00324DDB /* BaseTableViewController.m in Sources */ = {isa = PBXBuildFile; fileRef = 5D07181D152273BC00324DDB /* BaseTableViewController.m */; };
		5D5A97461526AC3C006B852B /* DetailWebViewController.m in Sources */ = {isa = PBXBuildFile; fileRef = 5D5A97451526AC3C006B852B /* DetailWebViewController.m */; };
		5D5A975D1527C57A006B852B /* icon57.png in Resources */ = {isa = PBXBuildFile; fileRef = 5D5A975B1527C57A006B852B /* icon57.png */; };
		5D5A975E1527C57A006B852B /* icon57@2x.png in Resources */ = {isa = PBXBuildFile; fileRef = 5D5A975C1527C57A006B852B /* icon57@2x.png */; };
		5D5A97641527C8E2006B852B /* Default.png in Resources */ = {isa = PBXBuildFile; fileRef = 5D5A97631527C8E2006B852B /* Default.png */; };
		5D5A97661527C8F1006B852B /* Default@2x.png in Resources */ = {isa = PBXBuildFile; fileRef = 5D5A97651527C8F1006B852B /* Default@2x.png */; };
		5D77B487152BBA93000E64DF /* MapKit.framework in Frameworks */ = {isa = PBXBuildFile; fileRef = 5D77B486152BBA93000E64DF /* MapKit.framework */; };
		5D77B48A152BBAF1000E64DF /* wazaapMapViewController.m in Sources */ = {isa = PBXBuildFile; fileRef = 5D77B489152BBAF1000E64DF /* wazaapMapViewController.m */; };
		5D77B48D152BC1DB000E64DF /* wazaapConnector.m in Sources */ = {isa = PBXBuildFile; fileRef = 5D77B48C152BC1DB000E64DF /* wazaapConnector.m */; };
		5D77B490152BDA8D000E64DF /* MyLocation.m in Sources */ = {isa = PBXBuildFile; fileRef = 5D77B48F152BDA8D000E64DF /* MyLocation.m */; };
		5D77B496152BE2C8000E64DF /* arrest.png in Resources */ = {isa = PBXBuildFile; fileRef = 5D77B495152BE2C8000E64DF /* arrest.png */; };
/* End PBXBuildFile section */

/* Begin PBXContainerItemProxy section */
		5D0717A71520203900324DDB /* PBXContainerItemProxy */ = {
			isa = PBXContainerItemProxy;
			containerPortal = 5D0717781520203900324DDB /* Project object */;
			proxyType = 1;
			remoteGlobalIDString = 5D0717801520203900324DDB;
			remoteInfo = wazaapDemo;
		};
/* End PBXContainerItemProxy section */

/* Begin PBXFileReference section */
		183909F51525293100A62E86 /* PullToRefreshView.h */ = {isa = PBXFileReference; fileEncoding = 4; lastKnownFileType = sourcecode.c.h; path = PullToRefreshView.h; sourceTree = "<group>"; };
		183909F61525293100A62E86 /* PullToRefreshView.m */ = {isa = PBXFileReference; fileEncoding = 4; lastKnownFileType = sourcecode.c.objc; path = PullToRefreshView.m; sourceTree = "<group>"; };
		183909F915252A2300A62E86 /* QuartzCore.framework */ = {isa = PBXFileReference; lastKnownFileType = wrapper.framework; name = QuartzCore.framework; path = System/Library/Frameworks/QuartzCore.framework; sourceTree = SDKROOT; };
		5D0717811520203900324DDB /* wazaapDemo.app */ = {isa = PBXFileReference; explicitFileType = wrapper.application; includeInIndex = 0; path = wazaapDemo.app; sourceTree = BUILT_PRODUCTS_DIR; };
		5D0717851520203900324DDB /* UIKit.framework */ = {isa = PBXFileReference; lastKnownFileType = wrapper.framework; name = UIKit.framework; path = System/Library/Frameworks/UIKit.framework; sourceTree = SDKROOT; };
		5D0717871520203900324DDB /* Foundation.framework */ = {isa = PBXFileReference; lastKnownFileType = wrapper.framework; name = Foundation.framework; path = System/Library/Frameworks/Foundation.framework; sourceTree = SDKROOT; };
		5D0717891520203900324DDB /* CoreGraphics.framework */ = {isa = PBXFileReference; lastKnownFileType = wrapper.framework; name = CoreGraphics.framework; path = System/Library/Frameworks/CoreGraphics.framework; sourceTree = SDKROOT; };
		5D07178D1520203900324DDB /* wazaapDemo-Info.plist */ = {isa = PBXFileReference; lastKnownFileType = text.plist.xml; path = "wazaapDemo-Info.plist"; sourceTree = "<group>"; };
		5D07178F1520203900324DDB /* en */ = {isa = PBXFileReference; lastKnownFileType = text.plist.strings; name = en; path = en.lproj/InfoPlist.strings; sourceTree = "<group>"; };
		5D0717911520203900324DDB /* main.m */ = {isa = PBXFileReference; lastKnownFileType = sourcecode.c.objc; path = main.m; sourceTree = "<group>"; };
		5D0717931520203900324DDB /* wazaapDemo-Prefix.pch */ = {isa = PBXFileReference; lastKnownFileType = sourcecode.c.h; path = "wazaapDemo-Prefix.pch"; sourceTree = "<group>"; };
		5D0717941520203900324DDB /* wazaapAppDelegate.h */ = {isa = PBXFileReference; lastKnownFileType = sourcecode.c.h; path = wazaapAppDelegate.h; sourceTree = "<group>"; };
		5D0717951520203900324DDB /* wazaapAppDelegate.m */ = {isa = PBXFileReference; lastKnownFileType = sourcecode.c.objc; path = wazaapAppDelegate.m; sourceTree = "<group>"; };
		5D0717981520203900324DDB /* en */ = {isa = PBXFileReference; lastKnownFileType = file.storyboard; name = en; path = en.lproj/MainStoryboard.storyboard; sourceTree = "<group>"; };
		5D0717A21520203900324DDB /* wazaapDemoTests.octest */ = {isa = PBXFileReference; explicitFileType = wrapper.cfbundle; includeInIndex = 0; path = wazaapDemoTests.octest; sourceTree = BUILT_PRODUCTS_DIR; };
		5D0717A31520203900324DDB /* SenTestingKit.framework */ = {isa = PBXFileReference; lastKnownFileType = wrapper.framework; name = SenTestingKit.framework; path = Library/Frameworks/SenTestingKit.framework; sourceTree = DEVELOPER_DIR; };
		5D0717AB1520203900324DDB /* wazaapDemoTests-Info.plist */ = {isa = PBXFileReference; lastKnownFileType = text.plist.xml; path = "wazaapDemoTests-Info.plist"; sourceTree = "<group>"; };
		5D0717AD1520203900324DDB /* en */ = {isa = PBXFileReference; lastKnownFileType = text.plist.strings; name = en; path = en.lproj/InfoPlist.strings; sourceTree = "<group>"; };
		5D0717AF1520203900324DDB /* wazaapDemoTests.h */ = {isa = PBXFileReference; lastKnownFileType = sourcecode.c.h; path = wazaapDemoTests.h; sourceTree = "<group>"; };
		5D0717B01520203900324DDB /* wazaapDemoTests.m */ = {isa = PBXFileReference; lastKnownFileType = sourcecode.c.objc; path = wazaapDemoTests.m; sourceTree = "<group>"; };
		5D0717C21520243C00324DDB /* WazaapTableViewController.h */ = {isa = PBXFileReference; fileEncoding = 4; lastKnownFileType = sourcecode.c.h; path = WazaapTableViewController.h; sourceTree = "<group>"; };
		5D0717C31520243C00324DDB /* WazaapTableViewController.m */ = {isa = PBXFileReference; fileEncoding = 4; lastKnownFileType = sourcecode.c.objc; path = WazaapTableViewController.m; sourceTree = "<group>"; };
		5D0717C51520255600324DDB /* WazaapEntity.h */ = {isa = PBXFileReference; fileEncoding = 4; lastKnownFileType = sourcecode.c.h; path = WazaapEntity.h; sourceTree = "<group>"; };
		5D0717C61520255600324DDB /* WazaapEntity.m */ = {isa = PBXFileReference; fileEncoding = 4; lastKnownFileType = sourcecode.c.objc; path = WazaapEntity.m; sourceTree = "<group>"; };
		5D0717C815202D8100324DDB /* DetailViewController.h */ = {isa = PBXFileReference; fileEncoding = 4; lastKnownFileType = sourcecode.c.h; path = DetailViewController.h; sourceTree = "<group>"; };
		5D0717C915202D8100324DDB /* DetailViewController.m */ = {isa = PBXFileReference; fileEncoding = 4; lastKnownFileType = sourcecode.c.objc; path = DetailViewController.m; sourceTree = "<group>"; };
		5D0717CB15202DCC00324DDB /* VerticalSwipeScrollView.h */ = {isa = PBXFileReference; fileEncoding = 4; lastKnownFileType = sourcecode.c.h; path = VerticalSwipeScrollView.h; sourceTree = "<group>"; };
		5D0717CC15202DCC00324DDB /* VerticalSwipeScrollView.m */ = {isa = PBXFileReference; fileEncoding = 4; lastKnownFileType = sourcecode.c.objc; path = VerticalSwipeScrollView.m; sourceTree = "<group>"; };
		5D0717CE15202E2800324DDB /* PullArrow.png */ = {isa = PBXFileReference; lastKnownFileType = image.png; path = PullArrow.png; sourceTree = "<group>"; };
		5D0717CF15202E2800324DDB /* PullArrow@2x.png */ = {isa = PBXFileReference; lastKnownFileType = image.png; path = "PullArrow@2x.png"; sourceTree = "<group>"; };
		5D0717D215202E7100324DDB /* DetailView.html */ = {isa = PBXFileReference; fileEncoding = 4; lastKnownFileType = text.html; path = DetailView.html; sourceTree = "<group>"; };
		5D0717D41520317800324DDB /* EventTableViewController.h */ = {isa = PBXFileReference; fileEncoding = 4; lastKnownFileType = sourcecode.c.h; path = EventTableViewController.h; sourceTree = "<group>"; };
		5D0717D51520317800324DDB /* EventTableViewController.m */ = {isa = PBXFileReference; fileEncoding = 4; lastKnownFileType = sourcecode.c.objc; path = EventTableViewController.m; sourceTree = "<group>"; };
		5D0718121522707B00324DDB /* VenueTableViewController.h */ = {isa = PBXFileReference; fileEncoding = 4; lastKnownFileType = sourcecode.c.h; path = VenueTableViewController.h; sourceTree = "<group>"; };
		5D0718131522707B00324DDB /* VenueTableViewController.m */ = {isa = PBXFileReference; fileEncoding = 4; lastKnownFileType = sourcecode.c.objc; path = VenueTableViewController.m; sourceTree = "<group>"; };
		5D0718191522726500324DDB /* Utility.h */ = {isa = PBXFileReference; fileEncoding = 4; lastKnownFileType = sourcecode.c.h; path = Utility.h; sourceTree = "<group>"; };
		5D07181A1522726500324DDB /* Utility.m */ = {isa = PBXFileReference; fileEncoding = 4; lastKnownFileType = sourcecode.c.objc; path = Utility.m; sourceTree = "<group>"; };
		5D07181C152273BC00324DDB /* BaseTableViewController.h */ = {isa = PBXFileReference; fileEncoding = 4; lastKnownFileType = sourcecode.c.h; path = BaseTableViewController.h; sourceTree = "<group>"; };
		5D07181D152273BC00324DDB /* BaseTableViewController.m */ = {isa = PBXFileReference; fileEncoding = 4; lastKnownFileType = sourcecode.c.objc; path = BaseTableViewController.m; sourceTree = "<group>"; };
		5D5A97441526AC3C006B852B /* DetailWebViewController.h */ = {isa = PBXFileReference; fileEncoding = 4; lastKnownFileType = sourcecode.c.h; path = DetailWebViewController.h; sourceTree = "<group>"; };
		5D5A97451526AC3C006B852B /* DetailWebViewController.m */ = {isa = PBXFileReference; fileEncoding = 4; lastKnownFileType = sourcecode.c.objc; path = DetailWebViewController.m; sourceTree = "<group>"; };
		5D5A975B1527C57A006B852B /* icon57.png */ = {isa = PBXFileReference; lastKnownFileType = image.png; path = icon57.png; sourceTree = "<group>"; };
		5D5A975C1527C57A006B852B /* icon57@2x.png */ = {isa = PBXFileReference; lastKnownFileType = image.png; path = "icon57@2x.png"; sourceTree = "<group>"; };
		5D5A97631527C8E2006B852B /* Default.png */ = {isa = PBXFileReference; lastKnownFileType = image.png; name = Default.png; path = ../Default.png; sourceTree = "<group>"; };
		5D5A97651527C8F1006B852B /* Default@2x.png */ = {isa = PBXFileReference; lastKnownFileType = image.png; name = "Default@2x.png"; path = "../Default@2x.png"; sourceTree = "<group>"; };
		5D77B486152BBA93000E64DF /* MapKit.framework */ = {isa = PBXFileReference; lastKnownFileType = wrapper.framework; name = MapKit.framework; path = System/Library/Frameworks/MapKit.framework; sourceTree = SDKROOT; };
		5D77B488152BBAF1000E64DF /* wazaapMapViewController.h */ = {isa = PBXFileReference; fileEncoding = 4; lastKnownFileType = sourcecode.c.h; path = wazaapMapViewController.h; sourceTree = "<group>"; };
		5D77B489152BBAF1000E64DF /* wazaapMapViewController.m */ = {isa = PBXFileReference; fileEncoding = 4; lastKnownFileType = sourcecode.c.objc; path = wazaapMapViewController.m; sourceTree = "<group>"; };
		5D77B48B152BC1DB000E64DF /* wazaapConnector.h */ = {isa = PBXFileReference; fileEncoding = 4; lastKnownFileType = sourcecode.c.h; path = wazaapConnector.h; sourceTree = "<group>"; };
		5D77B48C152BC1DB000E64DF /* wazaapConnector.m */ = {isa = PBXFileReference; fileEncoding = 4; lastKnownFileType = sourcecode.c.objc; path = wazaapConnector.m; sourceTree = "<group>"; };
		5D77B48E152BDA8D000E64DF /* MyLocation.h */ = {isa = PBXFileReference; fileEncoding = 4; lastKnownFileType = sourcecode.c.h; path = MyLocation.h; sourceTree = "<group>"; };
		5D77B48F152BDA8D000E64DF /* MyLocation.m */ = {isa = PBXFileReference; fileEncoding = 4; lastKnownFileType = sourcecode.c.objc; path = MyLocation.m; sourceTree = "<group>"; };
		5D77B495152BE2C8000E64DF /* arrest.png */ = {isa = PBXFileReference; lastKnownFileType = image.png; path = arrest.png; sourceTree = "<group>"; };
/* End PBXFileReference section */

/* Begin PBXFrameworksBuildPhase section */
		5D07177E1520203900324DDB /* Frameworks */ = {
			isa = PBXFrameworksBuildPhase;
			buildActionMask = 2147483647;
			files = (
				5D77B487152BBA93000E64DF /* MapKit.framework in Frameworks */,
				183909FA15252A2400A62E86 /* QuartzCore.framework in Frameworks */,
				5D0717861520203900324DDB /* UIKit.framework in Frameworks */,
				5D0717881520203900324DDB /* Foundation.framework in Frameworks */,
				5D07178A1520203900324DDB /* CoreGraphics.framework in Frameworks */,
			);
			runOnlyForDeploymentPostprocessing = 0;
		};
		5D07179E1520203900324DDB /* Frameworks */ = {
			isa = PBXFrameworksBuildPhase;
			buildActionMask = 2147483647;
			files = (
				5D0717A41520203900324DDB /* SenTestingKit.framework in Frameworks */,
				5D0717A51520203900324DDB /* UIKit.framework in Frameworks */,
				5D0717A61520203900324DDB /* Foundation.framework in Frameworks */,
			);
			runOnlyForDeploymentPostprocessing = 0;
		};
/* End PBXFrameworksBuildPhase section */

/* Begin PBXGroup section */
		5D0717761520203900324DDB = {
			isa = PBXGroup;
			children = (
				5D77B486152BBA93000E64DF /* MapKit.framework */,
				183909F915252A2300A62E86 /* QuartzCore.framework */,
				5D07178B1520203900324DDB /* wazaapDemo */,
				5D0717A91520203900324DDB /* wazaapDemoTests */,
				5D0717841520203900324DDB /* Frameworks */,
				5D0717821520203900324DDB /* Products */,
			);
			sourceTree = "<group>";
		};
		5D0717821520203900324DDB /* Products */ = {
			isa = PBXGroup;
			children = (
				5D0717811520203900324DDB /* wazaapDemo.app */,
				5D0717A21520203900324DDB /* wazaapDemoTests.octest */,
			);
			name = Products;
			sourceTree = "<group>";
		};
		5D0717841520203900324DDB /* Frameworks */ = {
			isa = PBXGroup;
			children = (
				5D0717851520203900324DDB /* UIKit.framework */,
				5D0717871520203900324DDB /* Foundation.framework */,
				5D0717891520203900324DDB /* CoreGraphics.framework */,
				5D0717A31520203900324DDB /* SenTestingKit.framework */,
			);
			name = Frameworks;
			sourceTree = "<group>";
		};
		5D07178B1520203900324DDB /* wazaapDemo */ = {
			isa = PBXGroup;
			children = (
				5D0717971520203900324DDB /* MainStoryboard.storyboard */,
				5D0717941520203900324DDB /* wazaapAppDelegate.h */,
				5D0717951520203900324DDB /* wazaapAppDelegate.m */,
				5D77B48B152BC1DB000E64DF /* wazaapConnector.h */,
				5D77B48C152BC1DB000E64DF /* wazaapConnector.m */,
				5D0717C21520243C00324DDB /* WazaapTableViewController.h */,
				5D0717C31520243C00324DDB /* WazaapTableViewController.m */,
				5D0717C51520255600324DDB /* WazaapEntity.h */,
				5D0717C61520255600324DDB /* WazaapEntity.m */,
				5D07181C152273BC00324DDB /* BaseTableViewController.h */,
				5D07181D152273BC00324DDB /* BaseTableViewController.m */,
				5D0717D41520317800324DDB /* EventTableViewController.h */,
				5D0717D51520317800324DDB /* EventTableViewController.m */,
				5D0718121522707B00324DDB /* VenueTableViewController.h */,
				5D0718131522707B00324DDB /* VenueTableViewController.m */,
				5D0717C815202D8100324DDB /* DetailViewController.h */,
				5D0717C915202D8100324DDB /* DetailViewController.m */,
				5D0717CB15202DCC00324DDB /* VerticalSwipeScrollView.h */,
				5D0717CC15202DCC00324DDB /* VerticalSwipeScrollView.m */,
				5D5A97441526AC3C006B852B /* DetailWebViewController.h */,
				5D5A97451526AC3C006B852B /* DetailWebViewController.m */,
				5D77B488152BBAF1000E64DF /* wazaapMapViewController.h */,
				5D77B489152BBAF1000E64DF /* wazaapMapViewController.m */,
				5D77B48E152BDA8D000E64DF /* MyLocation.h */,
				5D77B48F152BDA8D000E64DF /* MyLocation.m */,
				5D07178C1520203900324DDB /* Supporting Files */,
				5D0718191522726500324DDB /* Utility.h */,
				5D07181A1522726500324DDB /* Utility.m */,
				183909F51525293100A62E86 /* PullToRefreshView.h */,
				183909F61525293100A62E86 /* PullToRefreshView.m */,
			);
			path = wazaapDemo;
			sourceTree = "<group>";
		};
		5D07178C1520203900324DDB /* Supporting Files */ = {
			isa = PBXGroup;
			children = (
				5D77B495152BE2C8000E64DF /* arrest.png */,
				5D5A97651527C8F1006B852B /* Default@2x.png */,
				5D5A97631527C8E2006B852B /* Default.png */,
				5D5A975B1527C57A006B852B /* icon57.png */,
				5D5A975C1527C57A006B852B /* icon57@2x.png */,
				5D0717D215202E7100324DDB /* DetailView.html */,
				5D0717CE15202E2800324DDB /* PullArrow.png */,
				5D0717CF15202E2800324DDB /* PullArrow@2x.png */,
				5D07178D1520203900324DDB /* wazaapDemo-Info.plist */,
				5D07178E1520203900324DDB /* InfoPlist.strings */,
				5D0717911520203900324DDB /* main.m */,
				5D0717931520203900324DDB /* wazaapDemo-Prefix.pch */,
			);
			name = "Supporting Files";
			sourceTree = "<group>";
		};
		5D0717A91520203900324DDB /* wazaapDemoTests */ = {
			isa = PBXGroup;
			children = (
				5D0717AF1520203900324DDB /* wazaapDemoTests.h */,
				5D0717B01520203900324DDB /* wazaapDemoTests.m */,
				5D0717AA1520203900324DDB /* Supporting Files */,
			);
			path = wazaapDemoTests;
			sourceTree = "<group>";
		};
		5D0717AA1520203900324DDB /* Supporting Files */ = {
			isa = PBXGroup;
			children = (
				5D0717AB1520203900324DDB /* wazaapDemoTests-Info.plist */,
				5D0717AC1520203900324DDB /* InfoPlist.strings */,
			);
			name = "Supporting Files";
			sourceTree = "<group>";
		};
/* End PBXGroup section */

/* Begin PBXNativeTarget section */
		5D0717801520203900324DDB /* wazaapDemo */ = {
			isa = PBXNativeTarget;
			buildConfigurationList = 5D0717B41520203900324DDB /* Build configuration list for PBXNativeTarget "wazaapDemo" */;
			buildPhases = (
				5D07177D1520203900324DDB /* Sources */,
				5D07177E1520203900324DDB /* Frameworks */,
				5D07177F1520203900324DDB /* Resources */,
			);
			buildRules = (
			);
			dependencies = (
			);
			name = wazaapDemo;
			productName = wazaapDemo;
			productReference = 5D0717811520203900324DDB /* wazaapDemo.app */;
			productType = "com.apple.product-type.application";
		};
		5D0717A11520203900324DDB /* wazaapDemoTests */ = {
			isa = PBXNativeTarget;
			buildConfigurationList = 5D0717B71520203900324DDB /* Build configuration list for PBXNativeTarget "wazaapDemoTests" */;
			buildPhases = (
				5D07179D1520203900324DDB /* Sources */,
				5D07179E1520203900324DDB /* Frameworks */,
				5D07179F1520203900324DDB /* Resources */,
				5D0717A01520203900324DDB /* ShellScript */,
			);
			buildRules = (
			);
			dependencies = (
				5D0717A81520203900324DDB /* PBXTargetDependency */,
			);
			name = wazaapDemoTests;
			productName = wazaapDemoTests;
			productReference = 5D0717A21520203900324DDB /* wazaapDemoTests.octest */;
			productType = "com.apple.product-type.bundle";
		};
/* End PBXNativeTarget section */

/* Begin PBXProject section */
		5D0717781520203900324DDB /* Project object */ = {
			isa = PBXProject;
			attributes = {
				LastUpgradeCheck = 0420;
			};
			buildConfigurationList = 5D07177B1520203900324DDB /* Build configuration list for PBXProject "wazaapDemo" */;
			compatibilityVersion = "Xcode 3.2";
			developmentRegion = English;
			hasScannedForEncodings = 0;
			knownRegions = (
				en,
			);
			mainGroup = 5D0717761520203900324DDB;
			productRefGroup = 5D0717821520203900324DDB /* Products */;
			projectDirPath = "";
			projectRoot = "";
			targets = (
				5D0717801520203900324DDB /* wazaapDemo */,
				5D0717A11520203900324DDB /* wazaapDemoTests */,
			);
		};
/* End PBXProject section */

/* Begin PBXResourcesBuildPhase section */
		5D07177F1520203900324DDB /* Resources */ = {
			isa = PBXResourcesBuildPhase;
			buildActionMask = 2147483647;
			files = (
				5D0717901520203900324DDB /* InfoPlist.strings in Resources */,
				5D0717991520203900324DDB /* MainStoryboard.storyboard in Resources */,
				5D0717D015202E2800324DDB /* PullArrow.png in Resources */,
				5D0717D115202E2800324DDB /* PullArrow@2x.png in Resources */,
				5D0717D315202E7100324DDB /* DetailView.html in Resources */,
				5D5A975D1527C57A006B852B /* icon57.png in Resources */,
				5D5A975E1527C57A006B852B /* icon57@2x.png in Resources */,
				5D5A97641527C8E2006B852B /* Default.png in Resources */,
				5D5A97661527C8F1006B852B /* Default@2x.png in Resources */,
				5D77B496152BE2C8000E64DF /* arrest.png in Resources */,
			);
			runOnlyForDeploymentPostprocessing = 0;
		};
		5D07179F1520203900324DDB /* Resources */ = {
			isa = PBXResourcesBuildPhase;
			buildActionMask = 2147483647;
			files = (
				5D0717AE1520203900324DDB /* InfoPlist.strings in Resources */,
			);
			runOnlyForDeploymentPostprocessing = 0;
		};
/* End PBXResourcesBuildPhase section */

/* Begin PBXShellScriptBuildPhase section */
		5D0717A01520203900324DDB /* ShellScript */ = {
			isa = PBXShellScriptBuildPhase;
			buildActionMask = 2147483647;
			files = (
			);
			inputPaths = (
			);
			outputPaths = (
			);
			runOnlyForDeploymentPostprocessing = 0;
			shellPath = /bin/sh;
			shellScript = "# Run the unit tests in this test bundle.\n\"${SYSTEM_DEVELOPER_DIR}/Tools/RunUnitTests\"\n";
		};
/* End PBXShellScriptBuildPhase section */

/* Begin PBXSourcesBuildPhase section */
		5D07177D1520203900324DDB /* Sources */ = {
			isa = PBXSourcesBuildPhase;
			buildActionMask = 2147483647;
			files = (
				5D0717921520203900324DDB /* main.m in Sources */,
				5D0717961520203900324DDB /* wazaapAppDelegate.m in Sources */,
				5D0717C41520243C00324DDB /* WazaapTableViewController.m in Sources */,
				5D0717C71520255600324DDB /* WazaapEntity.m in Sources */,
				5D0717CA15202D8100324DDB /* DetailViewController.m in Sources */,
				5D0717CD15202DCC00324DDB /* VerticalSwipeScrollView.m in Sources */,
				5D0717D61520317800324DDB /* EventTableViewController.m in Sources */,
				5D0718141522707C00324DDB /* VenueTableViewController.m in Sources */,
				5D07181B1522726600324DDB /* Utility.m in Sources */,
				5D07181E152273BD00324DDB /* BaseTableViewController.m in Sources */,
				183909F71525293200A62E86 /* PullToRefreshView.m in Sources */,
				5D5A97461526AC3C006B852B /* DetailWebViewController.m in Sources */,
				5D77B48A152BBAF1000E64DF /* wazaapMapViewController.m in Sources */,
				5D77B48D152BC1DB000E64DF /* wazaapConnector.m in Sources */,
				5D77B490152BDA8D000E64DF /* MyLocation.m in Sources */,
			);
			runOnlyForDeploymentPostprocessing = 0;
		};
		5D07179D1520203900324DDB /* Sources */ = {
			isa = PBXSourcesBuildPhase;
			buildActionMask = 2147483647;
			files = (
				5D0717B11520203900324DDB /* wazaapDemoTests.m in Sources */,
			);
			runOnlyForDeploymentPostprocessing = 0;
		};
/* End PBXSourcesBuildPhase section */

/* Begin PBXTargetDependency section */
		5D0717A81520203900324DDB /* PBXTargetDependency */ = {
			isa = PBXTargetDependency;
			target = 5D0717801520203900324DDB /* wazaapDemo */;
			targetProxy = 5D0717A71520203900324DDB /* PBXContainerItemProxy */;
		};
/* End PBXTargetDependency section */

/* Begin PBXVariantGroup section */
		5D07178E1520203900324DDB /* InfoPlist.strings */ = {
			isa = PBXVariantGroup;
			children = (
				5D07178F1520203900324DDB /* en */,
			);
			name = InfoPlist.strings;
			sourceTree = "<group>";
		};
		5D0717971520203900324DDB /* MainStoryboard.storyboard */ = {
			isa = PBXVariantGroup;
			children = (
				5D0717981520203900324DDB /* en */,
			);
			name = MainStoryboard.storyboard;
			sourceTree = "<group>";
		};
		5D0717AC1520203900324DDB /* InfoPlist.strings */ = {
			isa = PBXVariantGroup;
			children = (
				5D0717AD1520203900324DDB /* en */,
			);
			name = InfoPlist.strings;
			sourceTree = "<group>";
		};
/* End PBXVariantGroup section */

/* Begin XCBuildConfiguration section */
		5D0717B21520203900324DDB /* Debug */ = {
			isa = XCBuildConfiguration;
			buildSettings = {
				ALWAYS_SEARCH_USER_PATHS = NO;
				ARCHS = "$(ARCHS_STANDARD_32_BIT)";
				CLANG_ENABLE_OBJC_ARC = YES;
				CODE_SIGN_IDENTITY = "iPhone Distribution: Navi Singh";
				"CODE_SIGN_IDENTITY[sdk=iphoneos*]" = "iPhone Distribution";
				COPY_PHASE_STRIP = NO;
				GCC_C_LANGUAGE_STANDARD = gnu99;
				GCC_DYNAMIC_NO_PIC = NO;
				GCC_OPTIMIZATION_LEVEL = 0;
				GCC_PREPROCESSOR_DEFINITIONS = (
					"DEBUG=1",
					"$(inherited)",
				);
				GCC_SYMBOLS_PRIVATE_EXTERN = NO;
				GCC_VERSION = com.apple.compilers.llvm.clang.1_0;
				GCC_WARN_ABOUT_MISSING_PROTOTYPES = YES;
				GCC_WARN_ABOUT_RETURN_TYPE = YES;
				GCC_WARN_UNUSED_VARIABLE = YES;
				IPHONEOS_DEPLOYMENT_TARGET = 5.0;
				PROVISIONING_PROFILE = "975BE8DF-D73A-48B5-A646-CD62C901F687";
				"PROVISIONING_PROFILE[sdk=iphoneos*]" = "";
				SDKROOT = iphoneos;
			};
			name = Debug;
		};
		5D0717B31520203900324DDB /* Release */ = {
			isa = XCBuildConfiguration;
			buildSettings = {
				ALWAYS_SEARCH_USER_PATHS = NO;
				ARCHS = "$(ARCHS_STANDARD_32_BIT)";
				CLANG_ENABLE_OBJC_ARC = YES;
				CODE_SIGN_IDENTITY = "iPhone Distribution: Navi Singh";
				"CODE_SIGN_IDENTITY[sdk=iphoneos*]" = "iPhone Distribution";
				COPY_PHASE_STRIP = YES;
				GCC_C_LANGUAGE_STANDARD = gnu99;
				GCC_VERSION = com.apple.compilers.llvm.clang.1_0;
				GCC_WARN_ABOUT_MISSING_PROTOTYPES = YES;
				GCC_WARN_ABOUT_RETURN_TYPE = YES;
				GCC_WARN_UNUSED_VARIABLE = YES;
				IPHONEOS_DEPLOYMENT_TARGET = 5.0;
				OTHER_CFLAGS = "-DNS_BLOCK_ASSERTIONS=1";
				PROVISIONING_PROFILE = "975BE8DF-D73A-48B5-A646-CD62C901F687";
				"PROVISIONING_PROFILE[sdk=iphoneos*]" = "";
				SDKROOT = iphoneos;
				VALIDATE_PRODUCT = YES;
			};
			name = Release;
		};
		5D0717B51520203900324DDB /* Debug */ = {
			isa = XCBuildConfiguration;
			buildSettings = {
				CODE_SIGN_IDENTITY = "iPhone Distribution";
				GCC_PRECOMPILE_PREFIX_HEADER = YES;
				GCC_PREFIX_HEADER = "wazaapDemo/wazaapDemo-Prefix.pch";
				INFOPLIST_FILE = "wazaapDemo/wazaapDemo-Info.plist";
				PRODUCT_NAME = "$(TARGET_NAME)";
				PROVISIONING_PROFILE = "";
				WRAPPER_EXTENSION = app;
			};
			name = Debug;
		};
		5D0717B61520203900324DDB /* Release */ = {
			isa = XCBuildConfiguration;
			buildSettings = {
				CODE_SIGN_IDENTITY = "iPhone Distribution";
				GCC_PRECOMPILE_PREFIX_HEADER = YES;
				GCC_PREFIX_HEADER = "wazaapDemo/wazaapDemo-Prefix.pch";
				INFOPLIST_FILE = "wazaapDemo/wazaapDemo-Info.plist";
				PRODUCT_NAME = "$(TARGET_NAME)";
				PROVISIONING_PROFILE = "";
				WRAPPER_EXTENSION = app;
			};
			name = Release;
		};
		5D0717B81520203900324DDB /* Debug */ = {
			isa = XCBuildConfiguration;
			buildSettings = {
				BUNDLE_LOADER = "$(BUILT_PRODUCTS_DIR)/wazaapDemo.app/wazaapDemo";
				FRAMEWORK_SEARCH_PATHS = (
					"$(SDKROOT)/Developer/Library/Frameworks",
					"$(DEVELOPER_LIBRARY_DIR)/Frameworks",
				);
				GCC_PRECOMPILE_PREFIX_HEADER = YES;
				GCC_PREFIX_HEADER = "wazaapDemo/wazaapDemo-Prefix.pch";
				INFOPLIST_FILE = "wazaapDemoTests/wazaapDemoTests-Info.plist";
				PRODUCT_NAME = "$(TARGET_NAME)";
				TEST_HOST = "$(BUNDLE_LOADER)";
				WRAPPER_EXTENSION = octest;
			};
			name = Debug;
		};
		5D0717B91520203900324DDB /* Release */ = {
			isa = XCBuildConfiguration;
			buildSettings = {
				BUNDLE_LOADER = "$(BUILT_PRODUCTS_DIR)/wazaapDemo.app/wazaapDemo";
				FRAMEWORK_SEARCH_PATHS = (
					"$(SDKROOT)/Developer/Library/Frameworks",
					"$(DEVELOPER_LIBRARY_DIR)/Frameworks",
				);
				GCC_PRECOMPILE_PREFIX_HEADER = YES;
				GCC_PREFIX_HEADER = "wazaapDemo/wazaapDemo-Prefix.pch";
				INFOPLIST_FILE = "wazaapDemoTests/wazaapDemoTests-Info.plist";
				PRODUCT_NAME = "$(TARGET_NAME)";
				TEST_HOST = "$(BUNDLE_LOADER)";
				WRAPPER_EXTENSION = octest;
			};
			name = Release;
		};
/* End XCBuildConfiguration section */

/* Begin XCConfigurationList section */
		5D07177B1520203900324DDB /* Build configuration list for PBXProject "wazaapDemo" */ = {
			isa = XCConfigurationList;
			buildConfigurations = (
				5D0717B21520203900324DDB /* Debug */,
				5D0717B31520203900324DDB /* Release */,
			);
			defaultConfigurationIsVisible = 0;
			defaultConfigurationName = Release;
		};
		5D0717B41520203900324DDB /* Build configuration list for PBXNativeTarget "wazaapDemo" */ = {
			isa = XCConfigurationList;
			buildConfigurations = (
				5D0717B51520203900324DDB /* Debug */,
				5D0717B61520203900324DDB /* Release */,
			);
			defaultConfigurationIsVisible = 0;
			defaultConfigurationName = Release;
		};
		5D0717B71520203900324DDB /* Build configuration list for PBXNativeTarget "wazaapDemoTests" */ = {
			isa = XCConfigurationList;
			buildConfigurations = (
				5D0717B81520203900324DDB /* Debug */,
				5D0717B91520203900324DDB /* Release */,
			);
			defaultConfigurationIsVisible = 0;
			defaultConfigurationName = Release;
		};
/* End XCConfigurationList section */
	};
	rootObject = 5D0717781520203900324DDB /* Project object */;
}
