// !$*UTF8*$!
{
	archiveVersion = 1;
	classes = {
	};
	objectVersion = 46;
	objects = {

/* Begin PBXBuildFile section */
		18FE8C4314CE18AD0050C6E4 /* UIKit.framework in Frameworks */ = {isa = PBXBuildFile; fileRef = 18FE8C4214CE18AD0050C6E4 /* UIKit.framework */; };
		18FE8C4514CE18AD0050C6E4 /* Foundation.framework in Frameworks */ = {isa = PBXBuildFile; fileRef = 18FE8C4414CE18AD0050C6E4 /* Foundation.framework */; };
		18FE8C4714CE18AD0050C6E4 /* CoreGraphics.framework in Frameworks */ = {isa = PBXBuildFile; fileRef = 18FE8C4614CE18AD0050C6E4 /* CoreGraphics.framework */; };
		18FE8C4D14CE18AD0050C6E4 /* InfoPlist.strings in Resources */ = {isa = PBXBuildFile; fileRef = 18FE8C4B14CE18AD0050C6E4 /* InfoPlist.strings */; };
		18FE8C4F14CE18AD0050C6E4 /* main.m in Sources */ = {isa = PBXBuildFile; fileRef = 18FE8C4E14CE18AD0050C6E4 /* main.m */; };
		18FE8C5314CE18AD0050C6E4 /* testAppDelegate.m in Sources */ = {isa = PBXBuildFile; fileRef = 18FE8C5214CE18AD0050C6E4 /* testAppDelegate.m */; };
		18FE8C5614CE18AD0050C6E4 /* MainStoryboard.storyboard in Resources */ = {isa = PBXBuildFile; fileRef = 18FE8C5414CE18AD0050C6E4 /* MainStoryboard.storyboard */; };
		18FE8C5914CE18AD0050C6E4 /* testViewController.m in Sources */ = {isa = PBXBuildFile; fileRef = 18FE8C5814CE18AD0050C6E4 /* testViewController.m */; };
		18FE8C7A14CE1E1C0050C6E4 /* CoreLocation.framework in Frameworks */ = {isa = PBXBuildFile; fileRef = 18FE8C7914CE1E1C0050C6E4 /* CoreLocation.framework */; };
		18FE8C8714CE344F0050C6E4 /* Facebook.m in Sources */ = {isa = PBXBuildFile; fileRef = 18FE8C7D14CE344F0050C6E4 /* Facebook.m */; };
		18FE8C8814CE344F0050C6E4 /* FBDialog.bundle in Resources */ = {isa = PBXBuildFile; fileRef = 18FE8C7F14CE344F0050C6E4 /* FBDialog.bundle */; };
		18FE8C8914CE344F0050C6E4 /* FBDialog.m in Sources */ = {isa = PBXBuildFile; fileRef = 18FE8C8114CE344F0050C6E4 /* FBDialog.m */; };
		18FE8C8A14CE344F0050C6E4 /* FBLoginDialog.m in Sources */ = {isa = PBXBuildFile; fileRef = 18FE8C8314CE344F0050C6E4 /* FBLoginDialog.m */; };
		18FE8C8B14CE344F0050C6E4 /* FBRequest.m in Sources */ = {isa = PBXBuildFile; fileRef = 18FE8C8514CE344F0050C6E4 /* FBRequest.m */; };
		18FE8C8E14CE349F0050C6E4 /* FBConnect.bundle in Resources */ = {isa = PBXBuildFile; fileRef = 18FE8C8D14CE349F0050C6E4 /* FBConnect.bundle */; };
		18FE8C9D14CE351B0050C6E4 /* NSObject+SBJSON.m in Sources */ = {isa = PBXBuildFile; fileRef = 18FE8C9214CE351B0050C6E4 /* NSObject+SBJSON.m */; };
		18FE8C9E14CE351B0050C6E4 /* NSString+SBJSON.m in Sources */ = {isa = PBXBuildFile; fileRef = 18FE8C9414CE351B0050C6E4 /* NSString+SBJSON.m */; };
		18FE8C9F14CE351B0050C6E4 /* SBJSON.m in Sources */ = {isa = PBXBuildFile; fileRef = 18FE8C9614CE351B0050C6E4 /* SBJSON.m */; };
		18FE8CA014CE351B0050C6E4 /* SBJsonBase.m in Sources */ = {isa = PBXBuildFile; fileRef = 18FE8C9814CE351B0050C6E4 /* SBJsonBase.m */; };
		18FE8CA114CE351B0050C6E4 /* SBJsonParser.m in Sources */ = {isa = PBXBuildFile; fileRef = 18FE8C9A14CE351B0050C6E4 /* SBJsonParser.m */; };
		18FE8CA214CE351B0050C6E4 /* SBJsonWriter.m in Sources */ = {isa = PBXBuildFile; fileRef = 18FE8C9C14CE351B0050C6E4 /* SBJsonWriter.m */; };
/* End PBXBuildFile section */

/* Begin PBXFileReference section */
		18FE8C3E14CE18AD0050C6E4 /* testFacebookConnection.app */ = {isa = PBXFileReference; explicitFileType = wrapper.application; includeInIndex = 0; path = testFacebookConnection.app; sourceTree = BUILT_PRODUCTS_DIR; };
		18FE8C4214CE18AD0050C6E4 /* UIKit.framework */ = {isa = PBXFileReference; lastKnownFileType = wrapper.framework; name = UIKit.framework; path = System/Library/Frameworks/UIKit.framework; sourceTree = SDKROOT; };
		18FE8C4414CE18AD0050C6E4 /* Foundation.framework */ = {isa = PBXFileReference; lastKnownFileType = wrapper.framework; name = Foundation.framework; path = System/Library/Frameworks/Foundation.framework; sourceTree = SDKROOT; };
		18FE8C4614CE18AD0050C6E4 /* CoreGraphics.framework */ = {isa = PBXFileReference; lastKnownFileType = wrapper.framework; name = CoreGraphics.framework; path = System/Library/Frameworks/CoreGraphics.framework; sourceTree = SDKROOT; };
		18FE8C4A14CE18AD0050C6E4 /* testFacebookConnection-Info.plist */ = {isa = PBXFileReference; lastKnownFileType = text.plist.xml; path = "testFacebookConnection-Info.plist"; sourceTree = "<group>"; };
		18FE8C4C14CE18AD0050C6E4 /* en */ = {isa = PBXFileReference; lastKnownFileType = text.plist.strings; name = en; path = en.lproj/InfoPlist.strings; sourceTree = "<group>"; };
		18FE8C4E14CE18AD0050C6E4 /* main.m */ = {isa = PBXFileReference; lastKnownFileType = sourcecode.c.objc; path = main.m; sourceTree = "<group>"; };
		18FE8C5014CE18AD0050C6E4 /* testFacebookConnection-Prefix.pch */ = {isa = PBXFileReference; lastKnownFileType = sourcecode.c.h; path = "testFacebookConnection-Prefix.pch"; sourceTree = "<group>"; };
		18FE8C5114CE18AD0050C6E4 /* testAppDelegate.h */ = {isa = PBXFileReference; lastKnownFileType = sourcecode.c.h; path = testAppDelegate.h; sourceTree = "<group>"; };
		18FE8C5214CE18AD0050C6E4 /* testAppDelegate.m */ = {isa = PBXFileReference; lastKnownFileType = sourcecode.c.objc; path = testAppDelegate.m; sourceTree = "<group>"; };
		18FE8C5514CE18AD0050C6E4 /* en */ = {isa = PBXFileReference; lastKnownFileType = file.storyboard; name = en; path = en.lproj/MainStoryboard.storyboard; sourceTree = "<group>"; };
		18FE8C5714CE18AD0050C6E4 /* testViewController.h */ = {isa = PBXFileReference; lastKnownFileType = sourcecode.c.h; path = testViewController.h; sourceTree = "<group>"; };
		18FE8C5814CE18AD0050C6E4 /* testViewController.m */ = {isa = PBXFileReference; lastKnownFileType = sourcecode.c.objc; path = testViewController.m; sourceTree = "<group>"; };
		18FE8C7914CE1E1C0050C6E4 /* CoreLocation.framework */ = {isa = PBXFileReference; lastKnownFileType = wrapper.framework; name = CoreLocation.framework; path = System/Library/Frameworks/CoreLocation.framework; sourceTree = SDKROOT; };
		18FE8C7C14CE344F0050C6E4 /* Facebook.h */ = {isa = PBXFileReference; fileEncoding = 4; lastKnownFileType = sourcecode.c.h; path = Facebook.h; sourceTree = "<group>"; };
		18FE8C7D14CE344F0050C6E4 /* Facebook.m */ = {isa = PBXFileReference; fileEncoding = 4; lastKnownFileType = sourcecode.c.objc; path = Facebook.m; sourceTree = "<group>"; };
		18FE8C7E14CE344F0050C6E4 /* FBConnect.h */ = {isa = PBXFileReference; fileEncoding = 4; lastKnownFileType = sourcecode.c.h; path = FBConnect.h; sourceTree = "<group>"; };
		18FE8C7F14CE344F0050C6E4 /* FBDialog.bundle */ = {isa = PBXFileReference; lastKnownFileType = "wrapper.plug-in"; path = FBDialog.bundle; sourceTree = "<group>"; };
		18FE8C8014CE344F0050C6E4 /* FBDialog.h */ = {isa = PBXFileReference; fileEncoding = 4; lastKnownFileType = sourcecode.c.h; path = FBDialog.h; sourceTree = "<group>"; };
		18FE8C8114CE344F0050C6E4 /* FBDialog.m */ = {isa = PBXFileReference; fileEncoding = 4; lastKnownFileType = sourcecode.c.objc; path = FBDialog.m; sourceTree = "<group>"; };
		18FE8C8214CE344F0050C6E4 /* FBLoginDialog.h */ = {isa = PBXFileReference; fileEncoding = 4; lastKnownFileType = sourcecode.c.h; path = FBLoginDialog.h; sourceTree = "<group>"; };
		18FE8C8314CE344F0050C6E4 /* FBLoginDialog.m */ = {isa = PBXFileReference; fileEncoding = 4; lastKnownFileType = sourcecode.c.objc; path = FBLoginDialog.m; sourceTree = "<group>"; };
		18FE8C8414CE344F0050C6E4 /* FBRequest.h */ = {isa = PBXFileReference; fileEncoding = 4; lastKnownFileType = sourcecode.c.h; path = FBRequest.h; sourceTree = "<group>"; };
		18FE8C8514CE344F0050C6E4 /* FBRequest.m */ = {isa = PBXFileReference; fileEncoding = 4; lastKnownFileType = sourcecode.c.objc; path = FBRequest.m; sourceTree = "<group>"; };
		18FE8C8D14CE349F0050C6E4 /* FBConnect.bundle */ = {isa = PBXFileReference; lastKnownFileType = "wrapper.plug-in"; path = FBConnect.bundle; sourceTree = "<group>"; };
		18FE8C9014CE351B0050C6E4 /* JSON.h */ = {isa = PBXFileReference; fileEncoding = 4; lastKnownFileType = sourcecode.c.h; name = JSON.h; path = JSON/JSON.h; sourceTree = "<group>"; };
		18FE8C9114CE351B0050C6E4 /* NSObject+SBJSON.h */ = {isa = PBXFileReference; fileEncoding = 4; lastKnownFileType = sourcecode.c.h; name = "NSObject+SBJSON.h"; path = "JSON/NSObject+SBJSON.h"; sourceTree = "<group>"; };
		18FE8C9214CE351B0050C6E4 /* NSObject+SBJSON.m */ = {isa = PBXFileReference; fileEncoding = 4; lastKnownFileType = sourcecode.c.objc; name = "NSObject+SBJSON.m"; path = "JSON/NSObject+SBJSON.m"; sourceTree = "<group>"; };
		18FE8C9314CE351B0050C6E4 /* NSString+SBJSON.h */ = {isa = PBXFileReference; fileEncoding = 4; lastKnownFileType = sourcecode.c.h; name = "NSString+SBJSON.h"; path = "JSON/NSString+SBJSON.h"; sourceTree = "<group>"; };
		18FE8C9414CE351B0050C6E4 /* NSString+SBJSON.m */ = {isa = PBXFileReference; fileEncoding = 4; lastKnownFileType = sourcecode.c.objc; name = "NSString+SBJSON.m"; path = "JSON/NSString+SBJSON.m"; sourceTree = "<group>"; };
		18FE8C9514CE351B0050C6E4 /* SBJSON.h */ = {isa = PBXFileReference; fileEncoding = 4; lastKnownFileType = sourcecode.c.h; name = SBJSON.h; path = JSON/SBJSON.h; sourceTree = "<group>"; };
		18FE8C9614CE351B0050C6E4 /* SBJSON.m */ = {isa = PBXFileReference; fileEncoding = 4; lastKnownFileType = sourcecode.c.objc; name = SBJSON.m; path = JSON/SBJSON.m; sourceTree = "<group>"; };
		18FE8C9714CE351B0050C6E4 /* SBJsonBase.h */ = {isa = PBXFileReference; fileEncoding = 4; lastKnownFileType = sourcecode.c.h; name = SBJsonBase.h; path = JSON/SBJsonBase.h; sourceTree = "<group>"; };
		18FE8C9814CE351B0050C6E4 /* SBJsonBase.m */ = {isa = PBXFileReference; fileEncoding = 4; lastKnownFileType = sourcecode.c.objc; name = SBJsonBase.m; path = JSON/SBJsonBase.m; sourceTree = "<group>"; };
		18FE8C9914CE351B0050C6E4 /* SBJsonParser.h */ = {isa = PBXFileReference; fileEncoding = 4; lastKnownFileType = sourcecode.c.h; name = SBJsonParser.h; path = JSON/SBJsonParser.h; sourceTree = "<group>"; };
		18FE8C9A14CE351B0050C6E4 /* SBJsonParser.m */ = {isa = PBXFileReference; fileEncoding = 4; lastKnownFileType = sourcecode.c.objc; name = SBJsonParser.m; path = JSON/SBJsonParser.m; sourceTree = "<group>"; };
		18FE8C9B14CE351B0050C6E4 /* SBJsonWriter.h */ = {isa = PBXFileReference; fileEncoding = 4; lastKnownFileType = sourcecode.c.h; name = SBJsonWriter.h; path = JSON/SBJsonWriter.h; sourceTree = "<group>"; };
		18FE8C9C14CE351B0050C6E4 /* SBJsonWriter.m */ = {isa = PBXFileReference; fileEncoding = 4; lastKnownFileType = sourcecode.c.objc; name = SBJsonWriter.m; path = JSON/SBJsonWriter.m; sourceTree = "<group>"; };
/* End PBXFileReference section */

/* Begin PBXFrameworksBuildPhase section */
		18FE8C3B14CE18AD0050C6E4 /* Frameworks */ = {
			isa = PBXFrameworksBuildPhase;
			buildActionMask = 2147483647;
			files = (
				18FE8C7A14CE1E1C0050C6E4 /* CoreLocation.framework in Frameworks */,
				18FE8C4314CE18AD0050C6E4 /* UIKit.framework in Frameworks */,
				18FE8C4514CE18AD0050C6E4 /* Foundation.framework in Frameworks */,
				18FE8C4714CE18AD0050C6E4 /* CoreGraphics.framework in Frameworks */,
			);
			runOnlyForDeploymentPostprocessing = 0;
		};
/* End PBXFrameworksBuildPhase section */

/* Begin PBXGroup section */
		18FE8C3314CE18AD0050C6E4 = {
			isa = PBXGroup;
			children = (
				18FE8C8D14CE349F0050C6E4 /* FBConnect.bundle */,
				18FE8C7B14CE34170050C6E4 /* FBConnect */,
				18FE8C4814CE18AD0050C6E4 /* testFacebookConnection */,
				18FE8C4114CE18AD0050C6E4 /* Frameworks */,
				18FE8C3F14CE18AD0050C6E4 /* Products */,
			);
			sourceTree = "<group>";
		};
		18FE8C3F14CE18AD0050C6E4 /* Products */ = {
			isa = PBXGroup;
			children = (
				18FE8C3E14CE18AD0050C6E4 /* testFacebookConnection.app */,
			);
			name = Products;
			sourceTree = "<group>";
		};
		18FE8C4114CE18AD0050C6E4 /* Frameworks */ = {
			isa = PBXGroup;
			children = (
				18FE8C7914CE1E1C0050C6E4 /* CoreLocation.framework */,
				18FE8C4214CE18AD0050C6E4 /* UIKit.framework */,
				18FE8C4414CE18AD0050C6E4 /* Foundation.framework */,
				18FE8C4614CE18AD0050C6E4 /* CoreGraphics.framework */,
			);
			name = Frameworks;
			sourceTree = "<group>";
		};
		18FE8C4814CE18AD0050C6E4 /* testFacebookConnection */ = {
			isa = PBXGroup;
			children = (
				18FE8C5114CE18AD0050C6E4 /* testAppDelegate.h */,
				18FE8C5214CE18AD0050C6E4 /* testAppDelegate.m */,
				18FE8C5414CE18AD0050C6E4 /* MainStoryboard.storyboard */,
				18FE8C5714CE18AD0050C6E4 /* testViewController.h */,
				18FE8C5814CE18AD0050C6E4 /* testViewController.m */,
				18FE8C4914CE18AD0050C6E4 /* Supporting Files */,
			);
			path = testFacebookConnection;
			sourceTree = "<group>";
		};
		18FE8C4914CE18AD0050C6E4 /* Supporting Files */ = {
			isa = PBXGroup;
			children = (
				18FE8C4A14CE18AD0050C6E4 /* testFacebookConnection-Info.plist */,
				18FE8C4B14CE18AD0050C6E4 /* InfoPlist.strings */,
				18FE8C4E14CE18AD0050C6E4 /* main.m */,
				18FE8C5014CE18AD0050C6E4 /* testFacebookConnection-Prefix.pch */,
			);
			name = "Supporting Files";
			sourceTree = "<group>";
		};
		18FE8C7B14CE34170050C6E4 /* FBConnect */ = {
			isa = PBXGroup;
			children = (
				18FE8C8F14CE35000050C6E4 /* JSON */,
				18FE8C7C14CE344F0050C6E4 /* Facebook.h */,
				18FE8C7D14CE344F0050C6E4 /* Facebook.m */,
				18FE8C7E14CE344F0050C6E4 /* FBConnect.h */,
				18FE8C7F14CE344F0050C6E4 /* FBDialog.bundle */,
				18FE8C8014CE344F0050C6E4 /* FBDialog.h */,
				18FE8C8114CE344F0050C6E4 /* FBDialog.m */,
				18FE8C8214CE344F0050C6E4 /* FBLoginDialog.h */,
				18FE8C8314CE344F0050C6E4 /* FBLoginDialog.m */,
				18FE8C8414CE344F0050C6E4 /* FBRequest.h */,
				18FE8C8514CE344F0050C6E4 /* FBRequest.m */,
			);
			name = FBConnect;
			sourceTree = "<group>";
		};
		18FE8C8F14CE35000050C6E4 /* JSON */ = {
			isa = PBXGroup;
			children = (
				18FE8C9014CE351B0050C6E4 /* JSON.h */,
				18FE8C9114CE351B0050C6E4 /* NSObject+SBJSON.h */,
				18FE8C9214CE351B0050C6E4 /* NSObject+SBJSON.m */,
				18FE8C9314CE351B0050C6E4 /* NSString+SBJSON.h */,
				18FE8C9414CE351B0050C6E4 /* NSString+SBJSON.m */,
				18FE8C9514CE351B0050C6E4 /* SBJSON.h */,
				18FE8C9614CE351B0050C6E4 /* SBJSON.m */,
				18FE8C9714CE351B0050C6E4 /* SBJsonBase.h */,
				18FE8C9814CE351B0050C6E4 /* SBJsonBase.m */,
				18FE8C9914CE351B0050C6E4 /* SBJsonParser.h */,
				18FE8C9A14CE351B0050C6E4 /* SBJsonParser.m */,
				18FE8C9B14CE351B0050C6E4 /* SBJsonWriter.h */,
				18FE8C9C14CE351B0050C6E4 /* SBJsonWriter.m */,
			);
			name = JSON;
			sourceTree = "<group>";
		};
/* End PBXGroup section */

/* Begin PBXNativeTarget section */
		18FE8C3D14CE18AD0050C6E4 /* testFacebookConnection */ = {
			isa = PBXNativeTarget;
			buildConfigurationList = 18FE8C5C14CE18AD0050C6E4 /* Build configuration list for PBXNativeTarget "testFacebookConnection" */;
			buildPhases = (
				18FE8C3A14CE18AD0050C6E4 /* Sources */,
				18FE8C3B14CE18AD0050C6E4 /* Frameworks */,
				18FE8C3C14CE18AD0050C6E4 /* Resources */,
			);
			buildRules = (
			);
			dependencies = (
			);
			name = testFacebookConnection;
			productName = testFacebookConnection;
			productReference = 18FE8C3E14CE18AD0050C6E4 /* testFacebookConnection.app */;
			productType = "com.apple.product-type.application";
		};
/* End PBXNativeTarget section */

/* Begin PBXProject section */
		18FE8C3514CE18AD0050C6E4 /* Project object */ = {
			isa = PBXProject;
			attributes = {
				LastUpgradeCheck = 0420;
			};
			buildConfigurationList = 18FE8C3814CE18AD0050C6E4 /* Build configuration list for PBXProject "testFacebookConnection" */;
			compatibilityVersion = "Xcode 3.2";
			developmentRegion = English;
			hasScannedForEncodings = 0;
			knownRegions = (
				en,
			);
			mainGroup = 18FE8C3314CE18AD0050C6E4;
			productRefGroup = 18FE8C3F14CE18AD0050C6E4 /* Products */;
			projectDirPath = "";
			projectRoot = "";
			targets = (
				18FE8C3D14CE18AD0050C6E4 /* testFacebookConnection */,
			);
		};
/* End PBXProject section */

/* Begin PBXResourcesBuildPhase section */
		18FE8C3C14CE18AD0050C6E4 /* Resources */ = {
			isa = PBXResourcesBuildPhase;
			buildActionMask = 2147483647;
			files = (
				18FE8C8E14CE349F0050C6E4 /* FBConnect.bundle in Resources */,
				18FE8C8814CE344F0050C6E4 /* FBDialog.bundle in Resources */,
				18FE8C4D14CE18AD0050C6E4 /* InfoPlist.strings in Resources */,
				18FE8C5614CE18AD0050C6E4 /* MainStoryboard.storyboard in Resources */,
			);
			runOnlyForDeploymentPostprocessing = 0;
		};
/* End PBXResourcesBuildPhase section */

/* Begin PBXSourcesBuildPhase section */
		18FE8C3A14CE18AD0050C6E4 /* Sources */ = {
			isa = PBXSourcesBuildPhase;
			buildActionMask = 2147483647;
			files = (
				18FE8C4F14CE18AD0050C6E4 /* main.m in Sources */,
				18FE8C5314CE18AD0050C6E4 /* testAppDelegate.m in Sources */,
				18FE8C5914CE18AD0050C6E4 /* testViewController.m in Sources */,
				18FE8C8714CE344F0050C6E4 /* Facebook.m in Sources */,
				18FE8C8914CE344F0050C6E4 /* FBDialog.m in Sources */,
				18FE8C8A14CE344F0050C6E4 /* FBLoginDialog.m in Sources */,
				18FE8C8B14CE344F0050C6E4 /* FBRequest.m in Sources */,
				18FE8C9D14CE351B0050C6E4 /* NSObject+SBJSON.m in Sources */,
				18FE8C9E14CE351B0050C6E4 /* NSString+SBJSON.m in Sources */,
				18FE8C9F14CE351B0050C6E4 /* SBJSON.m in Sources */,
				18FE8CA014CE351B0050C6E4 /* SBJsonBase.m in Sources */,
				18FE8CA114CE351B0050C6E4 /* SBJsonParser.m in Sources */,
				18FE8CA214CE351B0050C6E4 /* SBJsonWriter.m in Sources */,
			);
			runOnlyForDeploymentPostprocessing = 0;
		};
/* End PBXSourcesBuildPhase section */

/* Begin PBXVariantGroup section */
		18FE8C4B14CE18AD0050C6E4 /* InfoPlist.strings */ = {
			isa = PBXVariantGroup;
			children = (
				18FE8C4C14CE18AD0050C6E4 /* en */,
			);
			name = InfoPlist.strings;
			sourceTree = "<group>";
		};
		18FE8C5414CE18AD0050C6E4 /* MainStoryboard.storyboard */ = {
			isa = PBXVariantGroup;
			children = (
				18FE8C5514CE18AD0050C6E4 /* en */,
			);
			name = MainStoryboard.storyboard;
			sourceTree = "<group>";
		};
/* End PBXVariantGroup section */

/* Begin XCBuildConfiguration section */
		18FE8C5A14CE18AD0050C6E4 /* Debug */ = {
			isa = XCBuildConfiguration;
			buildSettings = {
				ALWAYS_SEARCH_USER_PATHS = NO;
				ARCHS = "$(ARCHS_STANDARD_32_BIT)";
				"CODE_SIGN_IDENTITY[sdk=iphoneos*]" = "iPhone Developer";
				COPY_PHASE_STRIP = NO;
				GCC_C_LANGUAGE_STANDARD = gnu99;
				GCC_DYNAMIC_NO_PIC = NO;
				GCC_OPTIMIZATION_LEVEL = 0;
				GCC_PREPROCESSOR_DEFINITIONS = (
					"DEBUG=1",
					"$(inherited)",
				);
				GCC_SYMBOLS_PRIVATE_EXTERN = NO;
				GCC_VERSION = com.apple.compilers.llvm.clang.1_0;
				GCC_WARN_ABOUT_MISSING_PROTOTYPES = YES;
				GCC_WARN_ABOUT_RETURN_TYPE = YES;
				GCC_WARN_UNUSED_VARIABLE = YES;
				IPHONEOS_DEPLOYMENT_TARGET = 5.0;
				SDKROOT = iphoneos;
				USER_HEADER_SEARCH_PATHS = "$(FACEBOOK_SRC)/**";
			};
			name = Debug;
		};
		18FE8C5B14CE18AD0050C6E4 /* Release */ = {
			isa = XCBuildConfiguration;
			buildSettings = {
				ALWAYS_SEARCH_USER_PATHS = NO;
				ARCHS = "$(ARCHS_STANDARD_32_BIT)";
				"CODE_SIGN_IDENTITY[sdk=iphoneos*]" = "iPhone Developer";
				COPY_PHASE_STRIP = YES;
				GCC_C_LANGUAGE_STANDARD = gnu99;
				GCC_VERSION = com.apple.compilers.llvm.clang.1_0;
				GCC_WARN_ABOUT_MISSING_PROTOTYPES = YES;
				GCC_WARN_ABOUT_RETURN_TYPE = YES;
				GCC_WARN_UNUSED_VARIABLE = YES;
				IPHONEOS_DEPLOYMENT_TARGET = 5.0;
				OTHER_CFLAGS = "-DNS_BLOCK_ASSERTIONS=1";
				SDKROOT = iphoneos;
				USER_HEADER_SEARCH_PATHS = "$(FACEBOOK_SRC)/**";
				VALIDATE_PRODUCT = YES;
			};
			name = Release;
		};
		18FE8C5D14CE18AD0050C6E4 /* Debug */ = {
			isa = XCBuildConfiguration;
			buildSettings = {
				GCC_PRECOMPILE_PREFIX_HEADER = YES;
				GCC_PREFIX_HEADER = "testFacebookConnection/testFacebookConnection-Prefix.pch";
				INFOPLIST_FILE = "testFacebookConnection/testFacebookConnection-Info.plist";
				PRODUCT_NAME = "$(TARGET_NAME)";
				WRAPPER_EXTENSION = app;
			};
			name = Debug;
		};
		18FE8C5E14CE18AD0050C6E4 /* Release */ = {
			isa = XCBuildConfiguration;
			buildSettings = {
				GCC_PRECOMPILE_PREFIX_HEADER = YES;
				GCC_PREFIX_HEADER = "testFacebookConnection/testFacebookConnection-Prefix.pch";
				INFOPLIST_FILE = "testFacebookConnection/testFacebookConnection-Info.plist";
				PRODUCT_NAME = "$(TARGET_NAME)";
				WRAPPER_EXTENSION = app;
			};
			name = Release;
		};
/* End XCBuildConfiguration section */

/* Begin XCConfigurationList section */
		18FE8C3814CE18AD0050C6E4 /* Build configuration list for PBXProject "testFacebookConnection" */ = {
			isa = XCConfigurationList;
			buildConfigurations = (
				18FE8C5A14CE18AD0050C6E4 /* Debug */,
				18FE8C5B14CE18AD0050C6E4 /* Release */,
			);
			defaultConfigurationIsVisible = 0;
			defaultConfigurationName = Release;
		};
		18FE8C5C14CE18AD0050C6E4 /* Build configuration list for PBXNativeTarget "testFacebookConnection" */ = {
			isa = XCConfigurationList;
			buildConfigurations = (
				18FE8C5D14CE18AD0050C6E4 /* Debug */,
				18FE8C5E14CE18AD0050C6E4 /* Release */,
			);
			defaultConfigurationIsVisible = 0;
		};
/* End XCConfigurationList section */
	};
	rootObject = 18FE8C3514CE18AD0050C6E4 /* Project object */;
}
